// !$*UTF8*$!
{
	archiveVersion = 1;
	classes = {
	};
	objectVersion = 46;
	objects = {

/* Begin PBXBuildFile section */
		49104C111C098D24004B123D /* AppDelegate.swift in Sources */ = {isa = PBXBuildFile; fileRef = 49104C101C098D24004B123D /* AppDelegate.swift */; };
		49104C161C098D24004B123D /* Main.storyboard in Resources */ = {isa = PBXBuildFile; fileRef = 49104C141C098D24004B123D /* Main.storyboard */; };
		49104C191C098D24004B123D /* SaveImage.xcdatamodeld in Sources */ = {isa = PBXBuildFile; fileRef = 49104C171C098D24004B123D /* SaveImage.xcdatamodeld */; };
		49104C1B1C098D24004B123D /* Assets.xcassets in Resources */ = {isa = PBXBuildFile; fileRef = 49104C1A1C098D24004B123D /* Assets.xcassets */; };
		49104C1E1C098D24004B123D /* LaunchScreen.storyboard in Resources */ = {isa = PBXBuildFile; fileRef = 49104C1C1C098D24004B123D /* LaunchScreen.storyboard */; };
		49104C431C09B465004B123D /* LoadViewController.swift in Sources */ = {isa = PBXBuildFile; fileRef = 49104C421C09B465004B123D /* LoadViewController.swift */; };
		492909521C389CAE009A1A65 /* PagedScrollViewController.swift in Sources */ = {isa = PBXBuildFile; fileRef = 492909511C389CAE009A1A65 /* PagedScrollViewController.swift */; };
		F37F0BEA1C1CC0530071DF3B /* StoreImages+CoreDataProperties.swift in Sources */ = {isa = PBXBuildFile; fileRef = F37F0BE81C1CC0530071DF3B /* StoreImages+CoreDataProperties.swift */; };
		F37F0BEB1C1CC0530071DF3B /* StoreImages.swift in Sources */ = {isa = PBXBuildFile; fileRef = F37F0BE91C1CC0530071DF3B /* StoreImages.swift */; };
/* End PBXBuildFile section */

/* Begin PBXFileReference section */
		49104C0D1C098D24004B123D /* SaveImage.app */ = {isa = PBXFileReference; explicitFileType = wrapper.application; includeInIndex = 0; path = SaveImage.app; sourceTree = BUILT_PRODUCTS_DIR; };
		49104C101C098D24004B123D /* AppDelegate.swift */ = {isa = PBXFileReference; lastKnownFileType = sourcecode.swift; path = AppDelegate.swift; sourceTree = "<group>"; };
		49104C151C098D24004B123D /* Base */ = {isa = PBXFileReference; lastKnownFileType = file.storyboard; name = Base; path = Base.lproj/Main.storyboard; sourceTree = "<group>"; };
		49104C181C098D24004B123D /* SaveImage.xcdatamodel */ = {isa = PBXFileReference; lastKnownFileType = wrapper.xcdatamodel; path = SaveImage.xcdatamodel; sourceTree = "<group>"; };
		49104C1A1C098D24004B123D /* Assets.xcassets */ = {isa = PBXFileReference; lastKnownFileType = folder.assetcatalog; path = Assets.xcassets; sourceTree = "<group>"; };
		49104C1D1C098D24004B123D /* Base */ = {isa = PBXFileReference; lastKnownFileType = file.storyboard; name = Base; path = Base.lproj/LaunchScreen.storyboard; sourceTree = "<group>"; };
		49104C1F1C098D24004B123D /* Info.plist */ = {isa = PBXFileReference; lastKnownFileType = text.plist.xml; path = Info.plist; sourceTree = "<group>"; };
		49104C421C09B465004B123D /* LoadViewController.swift */ = {isa = PBXFileReference; fileEncoding = 4; lastKnownFileType = sourcecode.swift; path = LoadViewController.swift; sourceTree = "<group>"; };
		492909511C389CAE009A1A65 /* PagedScrollViewController.swift */ = {isa = PBXFileReference; fileEncoding = 4; lastKnownFileType = sourcecode.swift; path = PagedScrollViewController.swift; sourceTree = "<group>"; };
		F37F0BE81C1CC0530071DF3B /* StoreImages+CoreDataProperties.swift */ = {isa = PBXFileReference; fileEncoding = 4; lastKnownFileType = sourcecode.swift; name = "StoreImages+CoreDataProperties.swift"; path = "../StoreImages+CoreDataProperties.swift"; sourceTree = "<group>"; };
		F37F0BE91C1CC0530071DF3B /* StoreImages.swift */ = {isa = PBXFileReference; fileEncoding = 4; lastKnownFileType = sourcecode.swift; name = StoreImages.swift; path = ../StoreImages.swift; sourceTree = "<group>"; };
/* End PBXFileReference section */

/* Begin PBXFrameworksBuildPhase section */
		49104C0A1C098D23004B123D /* Frameworks */ = {
			isa = PBXFrameworksBuildPhase;
			buildActionMask = 2147483647;
			files = (
			);
			runOnlyForDeploymentPostprocessing = 0;
		};
/* End PBXFrameworksBuildPhase section */

/* Begin PBXGroup section */
		49104C041C098D23004B123D = {
			isa = PBXGroup;
			children = (
				49104C0F1C098D24004B123D /* SaveImage */,
				49104C0E1C098D24004B123D /* Products */,
			);
			sourceTree = "<group>";
		};
		49104C0E1C098D24004B123D /* Products */ = {
			isa = PBXGroup;
			children = (
				49104C0D1C098D24004B123D /* SaveImage.app */,
			);
			name = Products;
			sourceTree = "<group>";
		};
		49104C0F1C098D24004B123D /* SaveImage */ = {
			isa = PBXGroup;
			children = (
				49104C141C098D24004B123D /* Main.storyboard */,
				49104C101C098D24004B123D /* AppDelegate.swift */,
				49104C411C09A8CF004B123D /* Windows */,
				49104C321C099B4E004B123D /* Supporting Files */,
			);
			path = SaveImage;
			sourceTree = "<group>";
		};
		49104C321C099B4E004B123D /* Supporting Files */ = {
			isa = PBXGroup;
			children = (
				49104C1A1C098D24004B123D /* Assets.xcassets */,
				49104C1C1C098D24004B123D /* LaunchScreen.storyboard */,
				49104C1F1C098D24004B123D /* Info.plist */,
				49104C171C098D24004B123D /* SaveImage.xcdatamodeld */,
				F37F0BE81C1CC0530071DF3B /* StoreImages+CoreDataProperties.swift */,
				F37F0BE91C1CC0530071DF3B /* StoreImages.swift */,
			);
			name = "Supporting Files";
			sourceTree = "<group>";
		};
		49104C411C09A8CF004B123D /* Windows */ = {
			isa = PBXGroup;
			children = (
				49104C421C09B465004B123D /* LoadViewController.swift */,
				492909511C389CAE009A1A65 /* PagedScrollViewController.swift */,
			);
			name = Windows;
			sourceTree = "<group>";
		};
/* End PBXGroup section */

/* Begin PBXNativeTarget section */
		49104C0C1C098D23004B123D /* SaveImage */ = {
			isa = PBXNativeTarget;
			buildConfigurationList = 49104C221C098D24004B123D /* Build configuration list for PBXNativeTarget "SaveImage" */;
			buildPhases = (
				49104C091C098D23004B123D /* Sources */,
				49104C0A1C098D23004B123D /* Frameworks */,
				49104C0B1C098D23004B123D /* Resources */,
			);
			buildRules = (
			);
			dependencies = (
			);
			name = SaveImage;
			productName = SaveImage;
			productReference = 49104C0D1C098D24004B123D /* SaveImage.app */;
			productType = "com.apple.product-type.application";
		};
/* End PBXNativeTarget section */

/* Begin PBXProject section */
		49104C051C098D23004B123D /* Project object */ = {
			isa = PBXProject;
			attributes = {
				LastSwiftUpdateCheck = 0710;
				LastUpgradeCheck = 0710;
				ORGANIZATIONNAME = AndrewDzhur;
				TargetAttributes = {
					49104C0C1C098D23004B123D = {
						CreatedOnToolsVersion = 7.1.1;
						DevelopmentTeam = 58JP37J35E;
					};
				};
			};
			buildConfigurationList = 49104C081C098D23004B123D /* Build configuration list for PBXProject "SaveImage" */;
			compatibilityVersion = "Xcode 3.2";
			developmentRegion = English;
			hasScannedForEncodings = 0;
			knownRegions = (
				en,
				Base,
			);
			mainGroup = 49104C041C098D23004B123D;
			productRefGroup = 49104C0E1C098D24004B123D /* Products */;
			projectDirPath = "";
			projectRoot = "";
			targets = (
				49104C0C1C098D23004B123D /* SaveImage */,
			);
		};
/* End PBXProject section */

/* Begin PBXResourcesBuildPhase section */
		49104C0B1C098D23004B123D /* Resources */ = {
			isa = PBXResourcesBuildPhase;
			buildActionMask = 2147483647;
			files = (
				49104C1E1C098D24004B123D /* LaunchScreen.storyboard in Resources */,
				49104C1B1C098D24004B123D /* Assets.xcassets in Resources */,
				49104C161C098D24004B123D /* Main.storyboard in Resources */,
			);
			runOnlyForDeploymentPostprocessing = 0;
		};
/* End PBXResourcesBuildPhase section */

/* Begin PBXSourcesBuildPhase section */
		49104C091C098D23004B123D /* Sources */ = {
			isa = PBXSourcesBuildPhase;
			buildActionMask = 2147483647;
			files = (
				49104C431C09B465004B123D /* LoadViewController.swift in Sources */,
				492909521C389CAE009A1A65 /* PagedScrollViewController.swift in Sources */,
				F37F0BEA1C1CC0530071DF3B /* StoreImages+CoreDataProperties.swift in Sources */,
				49104C191C098D24004B123D /* SaveImage.xcdatamodeld in Sources */,
				F37F0BEB1C1CC0530071DF3B /* StoreImages.swift in Sources */,
				49104C111C098D24004B123D /* AppDelegate.swift in Sources */,
			);
			runOnlyForDeploymentPostprocessing = 0;
		};
/* End PBXSourcesBuildPhase section */

/* Begin PBXVariantGroup section */
		49104C141C098D24004B123D /* Main.storyboard */ = {
			isa = PBXVariantGroup;
			children = (
				49104C151C098D24004B123D /* Base */,
			);
			name = Main.storyboard;
			sourceTree = "<group>";
		};
		49104C1C1C098D24004B123D /* LaunchScreen.storyboard */ = {
			isa = PBXVariantGroup;
			children = (
				49104C1D1C098D24004B123D /* Base */,
			);
			name = LaunchScreen.storyboard;
			sourceTree = "<group>";
		};
/* End PBXVariantGroup section */

/* Begin XCBuildConfiguration section */
		49104C201C098D24004B123D /* Debug */ = {
			isa = XCBuildConfiguration;
			buildSettings = {
				ALWAYS_SEARCH_USER_PATHS = NO;
				CLANG_CXX_LANGUAGE_STANDARD = "gnu++0x";
				CLANG_CXX_LIBRARY = "libc++";
				CLANG_ENABLE_MODULES = YES;
				CLANG_ENABLE_OBJC_ARC = YES;
				CLANG_WARN_BOOL_CONVERSION = YES;
				CLANG_WARN_CONSTANT_CONVERSION = YES;
				CLANG_WARN_DIRECT_OBJC_ISA_USAGE = YES_ERROR;
				CLANG_WARN_EMPTY_BODY = YES;
				CLANG_WARN_ENUM_CONVERSION = YES;
				CLANG_WARN_INT_CONVERSION = YES;
				CLANG_WARN_OBJC_ROOT_CLASS = YES_ERROR;
				CLANG_WARN_UNREACHABLE_CODE = YES;
				CLANG_WARN__DUPLICATE_METHOD_MATCH = YES;
				"CODE_SIGN_IDENTITY[sdk=iphoneos*]" = "iPhone Developer";
				COPY_PHASE_STRIP = NO;
				DEBUG_INFORMATION_FORMAT = dwarf;
				ENABLE_STRICT_OBJC_MSGSEND = YES;
				ENABLE_TESTABILITY = YES;
				GCC_C_LANGUAGE_STANDARD = gnu99;
				GCC_DYNAMIC_NO_PIC = NO;
				GCC_NO_COMMON_BLOCKS = YES;
				GCC_OPTIMIZATION_LEVEL = 0;
				GCC_PREPROCESSOR_DEFINITIONS = (
					"DEBUG=1",
					"$(inherited)",
				);
				GCC_WARN_64_TO_32_BIT_CONVERSION = YES;
				GCC_WARN_ABOUT_RETURN_TYPE = YES_ERROR;
				GCC_WARN_UNDECLARED_SELECTOR = YES;
				GCC_WARN_UNINITIALIZED_AUTOS = YES_AGGRESSIVE;
				GCC_WARN_UNUSED_FUNCTION = YES;
				GCC_WARN_UNUSED_VARIABLE = YES;
				IPHONEOS_DEPLOYMENT_TARGET = 9.1;
				MTL_ENABLE_DEBUG_INFO = YES;
				ONLY_ACTIVE_ARCH = YES;
				SDKROOT = iphoneos;
				SWIFT_OPTIMIZATION_LEVEL = "-Onone";
			};
			name = Debug;
		};
		49104C211C098D24004B123D /* Release */ = {
			isa = XCBuildConfiguration;
			buildSettings = {
				ALWAYS_SEARCH_USER_PATHS = NO;
				CLANG_CXX_LANGUAGE_STANDARD = "gnu++0x";
				CLANG_CXX_LIBRARY = "libc++";
				CLANG_ENABLE_MODULES = YES;
				CLANG_ENABLE_OBJC_ARC = YES;
				CLANG_WARN_BOOL_CONVERSION = YES;
				CLANG_WARN_CONSTANT_CONVERSION = YES;
				CLANG_WARN_DIRECT_OBJC_ISA_USAGE = YES_ERROR;
				CLANG_WARN_EMPTY_BODY = YES;
				CLANG_WARN_ENUM_CONVERSION = YES;
				CLANG_WARN_INT_CONVERSION = YES;
				CLANG_WARN_OBJC_ROOT_CLASS = YES_ERROR;
				CLANG_WARN_UNREACHABLE_CODE = YES;
				CLANG_WARN__DUPLICATE_METHOD_MATCH = YES;
				"CODE_SIGN_IDENTITY[sdk=iphoneos*]" = "iPhone Developer";
				COPY_PHASE_STRIP = NO;
				DEBUG_INFORMATION_FORMAT = "dwarf-with-dsym";
				ENABLE_NS_ASSERTIONS = NO;
				ENABLE_STRICT_OBJC_MSGSEND = YES;
				GCC_C_LANGUAGE_STANDARD = gnu99;
				GCC_NO_COMMON_BLOCKS = YES;
				GCC_WARN_64_TO_32_BIT_CONVERSION = YES;
				GCC_WARN_ABOUT_RETURN_TYPE = YES_ERROR;
				GCC_WARN_UNDECLARED_SELECTOR = YES;
				GCC_WARN_UNINITIALIZED_AUTOS = YES_AGGRESSIVE;
				GCC_WARN_UNUSED_FUNCTION = YES;
				GCC_WARN_UNUSED_VARIABLE = YES;
				IPHONEOS_DEPLOYMENT_TARGET = 9.1;
				MTL_ENABLE_DEBUG_INFO = NO;
				SDKROOT = iphoneos;
				VALIDATE_PRODUCT = YES;
			};
			name = Release;
		};
		49104C231C098D24004B123D /* Debug */ = {
			isa = XCBuildConfiguration;
			buildSettings = {
				ASSETCATALOG_COMPILER_APPICON_NAME = AppIcon;
				CODE_SIGN_IDENTITY = "iPhone Developer";
				INFOPLIST_FILE = SaveImage/Info.plist;
				LD_RUNPATH_SEARCH_PATHS = "$(inherited) @executable_path/Frameworks";
				PRODUCT_BUNDLE_IDENTIFIER = Rospin.SaveImage;
				PRODUCT_NAME = "$(TARGET_NAME)";
			};
			name = Debug;
		};
		49104C241C098D24004B123D /* Release */ = {
			isa = XCBuildConfiguration;
			buildSettings = {
				ASSETCATALOG_COMPILER_APPICON_NAME = AppIcon;
				CODE_SIGN_IDENTITY = "iPhone Developer";
				INFOPLIST_FILE = SaveImage/Info.plist;
				LD_RUNPATH_SEARCH_PATHS = "$(inherited) @executable_path/Frameworks";
				PRODUCT_BUNDLE_IDENTIFIER = Rospin.SaveImage;
				PRODUCT_NAME = "$(TARGET_NAME)";
			};
			name = Release;
		};
/* End XCBuildConfiguration section */

/* Begin XCConfigurationList section */
		49104C081C098D23004B123D /* Build configuration list for PBXProject "SaveImage" */ = {
			isa = XCConfigurationList;
			buildConfigurations = (
				49104C201C098D24004B123D /* Debug */,
				49104C211C098D24004B123D /* Release */,
			);
			defaultConfigurationIsVisible = 0;
			defaultConfigurationName = Release;
		};
		49104C221C098D24004B123D /* Build configuration list for PBXNativeTarget "SaveImage" */ = {
			isa = XCConfigurationList;
			buildConfigurations = (
				49104C231C098D24004B123D /* Debug */,
				49104C241C098D24004B123D /* Release */,
			);
			defaultConfigurationIsVisible = 0;
			defaultConfigurationName = Release;
		};
/* End XCConfigurationList section */

/* Begin XCVersionGroup section */
		49104C171C098D24004B123D /* SaveImage.xcdatamodeld */ = {
			isa = XCVersionGroup;
			children = (
				49104C181C098D24004B123D /* SaveImage.xcdatamodel */,
			);
			currentVersion = 49104C181C098D24004B123D /* SaveImage.xcdatamodel */;
			path = SaveImage.xcdatamodeld;
			sourceTree = "<group>";
			versionGroupType = wrapper.xcdatamodel;
		};
/* End XCVersionGroup section */
	};
	rootObject = 49104C051C098D23004B123D /* Project object */;
}
