// !$*UTF8*$!
{
	archiveVersion = 1;
	classes = {
	};
	objectVersion = 46;
	objects = {

/* Begin PBXBuildFile section */
		490086831BDBCAA3005FAD72 /* AppDelegate.swift in Sources */ = {isa = PBXBuildFile; fileRef = 490086821BDBCAA3005FAD72 /* AppDelegate.swift */; };
		490086851BDBCAA3005FAD72 /* ViewController.swift in Sources */ = {isa = PBXBuildFile; fileRef = 490086841BDBCAA3005FAD72 /* ViewController.swift */; };
		490086881BDBCAA3005FAD72 /* Main.storyboard in Resources */ = {isa = PBXBuildFile; fileRef = 490086861BDBCAA3005FAD72 /* Main.storyboard */; };
		4900868A1BDBCAA3005FAD72 /* Assets.xcassets in Resources */ = {isa = PBXBuildFile; fileRef = 490086891BDBCAA3005FAD72 /* Assets.xcassets */; };
		4900868D1BDBCAA3005FAD72 /* LaunchScreen.storyboard in Resources */ = {isa = PBXBuildFile; fileRef = 4900868B1BDBCAA3005FAD72 /* LaunchScreen.storyboard */; };
/* End PBXBuildFile section */

/* Begin PBXFileReference section */
		4900867F1BDBCAA3005FAD72 /* Sidebar.app */ = {isa = PBXFileReference; explicitFileType = wrapper.application; includeInIndex = 0; path = Sidebar.app; sourceTree = BUILT_PRODUCTS_DIR; };
		490086821BDBCAA3005FAD72 /* AppDelegate.swift */ = {isa = PBXFileReference; lastKnownFileType = sourcecode.swift; path = AppDelegate.swift; sourceTree = "<group>"; };
		490086841BDBCAA3005FAD72 /* ViewController.swift */ = {isa = PBXFileReference; lastKnownFileType = sourcecode.swift; path = ViewController.swift; sourceTree = "<group>"; };
		490086871BDBCAA3005FAD72 /* Base */ = {isa = PBXFileReference; lastKnownFileType = file.storyboard; name = Base; path = Base.lproj/Main.storyboard; sourceTree = "<group>"; };
		490086891BDBCAA3005FAD72 /* Assets.xcassets */ = {isa = PBXFileReference; lastKnownFileType = folder.assetcatalog; path = Assets.xcassets; sourceTree = "<group>"; };
		4900868C1BDBCAA3005FAD72 /* Base */ = {isa = PBXFileReference; lastKnownFileType = file.storyboard; name = Base; path = Base.lproj/LaunchScreen.storyboard; sourceTree = "<group>"; };
		4900868E1BDBCAA3005FAD72 /* Info.plist */ = {isa = PBXFileReference; lastKnownFileType = text.plist.xml; path = Info.plist; sourceTree = "<group>"; };
/* End PBXFileReference section */

/* Begin PBXFrameworksBuildPhase section */
		4900867C1BDBCAA3005FAD72 /* Frameworks */ = {
			isa = PBXFrameworksBuildPhase;
			buildActionMask = 2147483647;
			files = (
			);
			runOnlyForDeploymentPostprocessing = 0;
		};
/* End PBXFrameworksBuildPhase section */

/* Begin PBXGroup section */
		490086761BDBCAA3005FAD72 = {
			isa = PBXGroup;
			children = (
				490086811BDBCAA3005FAD72 /* Sidebar */,
				490086801BDBCAA3005FAD72 /* Products */,
			);
			sourceTree = "<group>";
		};
		490086801BDBCAA3005FAD72 /* Products */ = {
			isa = PBXGroup;
			children = (
				4900867F1BDBCAA3005FAD72 /* Sidebar.app */,
			);
			name = Products;
			sourceTree = "<group>";
		};
		490086811BDBCAA3005FAD72 /* Sidebar */ = {
			isa = PBXGroup;
			children = (
				490086861BDBCAA3005FAD72 /* Main.storyboard */,
				4900868B1BDBCAA3005FAD72 /* LaunchScreen.storyboard */,
				490086821BDBCAA3005FAD72 /* AppDelegate.swift */,
				490086841BDBCAA3005FAD72 /* ViewController.swift */,
				490086891BDBCAA3005FAD72 /* Assets.xcassets */,
				4900868E1BDBCAA3005FAD72 /* Info.plist */,
			);
			path = Sidebar;
			sourceTree = "<group>";
		};
/* End PBXGroup section */

/* Begin PBXNativeTarget section */
		4900867E1BDBCAA3005FAD72 /* Sidebar */ = {
			isa = PBXNativeTarget;
			buildConfigurationList = 490086911BDBCAA3005FAD72 /* Build configuration list for PBXNativeTarget "Sidebar" */;
			buildPhases = (
				4900867B1BDBCAA3005FAD72 /* Sources */,
				4900867C1BDBCAA3005FAD72 /* Frameworks */,
				4900867D1BDBCAA3005FAD72 /* Resources */,
			);
			buildRules = (
			);
			dependencies = (
			);
			name = Sidebar;
			productName = Sidebar;
			productReference = 4900867F1BDBCAA3005FAD72 /* Sidebar.app */;
			productType = "com.apple.product-type.application";
		};
/* End PBXNativeTarget section */

/* Begin PBXProject section */
		490086771BDBCAA3005FAD72 /* Project object */ = {
			isa = PBXProject;
			attributes = {
				LastSwiftUpdateCheck = 0710;
				LastUpgradeCheck = 0710;
				ORGANIZATIONNAME = "Andrew Dzhur";
				TargetAttributes = {
					4900867E1BDBCAA3005FAD72 = {
						CreatedOnToolsVersion = 7.1;
					};
				};
			};
			buildConfigurationList = 4900867A1BDBCAA3005FAD72 /* Build configuration list for PBXProject "Sidebar" */;
			compatibilityVersion = "Xcode 3.2";
			developmentRegion = English;
			hasScannedForEncodings = 0;
			knownRegions = (
				en,
				Base,
			);
			mainGroup = 490086761BDBCAA3005FAD72;
			productRefGroup = 490086801BDBCAA3005FAD72 /* Products */;
			projectDirPath = "";
			projectRoot = "";
			targets = (
				4900867E1BDBCAA3005FAD72 /* Sidebar */,
			);
		};
/* End PBXProject section */

/* Begin PBXResourcesBuildPhase section */
		4900867D1BDBCAA3005FAD72 /* Resources */ = {
			isa = PBXResourcesBuildPhase;
			buildActionMask = 2147483647;
			files = (
				4900868D1BDBCAA3005FAD72 /* LaunchScreen.storyboard in Resources */,
				4900868A1BDBCAA3005FAD72 /* Assets.xcassets in Resources */,
				490086881BDBCAA3005FAD72 /* Main.storyboard in Resources */,
			);
			runOnlyForDeploymentPostprocessing = 0;
		};
/* End PBXResourcesBuildPhase section */

/* Begin PBXSourcesBuildPhase section */
		4900867B1BDBCAA3005FAD72 /* Sources */ = {
			isa = PBXSourcesBuildPhase;
			buildActionMask = 2147483647;
			files = (
				490086851BDBCAA3005FAD72 /* ViewController.swift in Sources */,
				490086831BDBCAA3005FAD72 /* AppDelegate.swift in Sources */,
			);
			runOnlyForDeploymentPostprocessing = 0;
		};
/* End PBXSourcesBuildPhase section */

/* Begin PBXVariantGroup section */
		490086861BDBCAA3005FAD72 /* Main.storyboard */ = {
			isa = PBXVariantGroup;
			children = (
				490086871BDBCAA3005FAD72 /* Base */,
			);
			name = Main.storyboard;
			sourceTree = "<group>";
		};
		4900868B1BDBCAA3005FAD72 /* LaunchScreen.storyboard */ = {
			isa = PBXVariantGroup;
			children = (
				4900868C1BDBCAA3005FAD72 /* Base */,
			);
			name = LaunchScreen.storyboard;
			sourceTree = "<group>";
		};
/* End PBXVariantGroup section */

/* Begin XCBuildConfiguration section */
		4900868F1BDBCAA3005FAD72 /* Debug */ = {
			isa = XCBuildConfiguration;
			buildSettings = {
				ALWAYS_SEARCH_USER_PATHS = NO;
				CLANG_CXX_LANGUAGE_STANDARD = "gnu++0x";
				CLANG_CXX_LIBRARY = "libc++";
				CLANG_ENABLE_MODULES = YES;
				CLANG_ENABLE_OBJC_ARC = YES;
				CLANG_WARN_BOOL_CONVERSION = YES;
				CLANG_WARN_CONSTANT_CONVERSION = YES;
				CLANG_WARN_DIRECT_OBJC_ISA_USAGE = YES_ERROR;
				CLANG_WARN_EMPTY_BODY = YES;
				CLANG_WARN_ENUM_CONVERSION = YES;
				CLANG_WARN_INT_CONVERSION = YES;
				CLANG_WARN_OBJC_ROOT_CLASS = YES_ERROR;
				CLANG_WARN_UNREACHABLE_CODE = YES;
				CLANG_WARN__DUPLICATE_METHOD_MATCH = YES;
				"CODE_SIGN_IDENTITY[sdk=iphoneos*]" = "iPhone Developer";
				COPY_PHASE_STRIP = NO;
				DEBUG_INFORMATION_FORMAT = dwarf;
				ENABLE_STRICT_OBJC_MSGSEND = YES;
				ENABLE_TESTABILITY = YES;
				GCC_C_LANGUAGE_STANDARD = gnu99;
				GCC_DYNAMIC_NO_PIC = NO;
				GCC_NO_COMMON_BLOCKS = YES;
				GCC_OPTIMIZATION_LEVEL = 0;
				GCC_PREPROCESSOR_DEFINITIONS = (
					"DEBUG=1",
					"$(inherited)",
				);
				GCC_WARN_64_TO_32_BIT_CONVERSION = YES;
				GCC_WARN_ABOUT_RETURN_TYPE = YES_ERROR;
				GCC_WARN_UNDECLARED_SELECTOR = YES;
				GCC_WARN_UNINITIALIZED_AUTOS = YES_AGGRESSIVE;
				GCC_WARN_UNUSED_FUNCTION = YES;
				GCC_WARN_UNUSED_VARIABLE = YES;
				IPHONEOS_DEPLOYMENT_TARGET = 9.1;
				MTL_ENABLE_DEBUG_INFO = YES;
				ONLY_ACTIVE_ARCH = YES;
				SDKROOT = iphoneos;
				SWIFT_OPTIMIZATION_LEVEL = "-Onone";
				TARGETED_DEVICE_FAMILY = "1,2";
			};
			name = Debug;
		};
		490086901BDBCAA3005FAD72 /* Release */ = {
			isa = XCBuildConfiguration;
			buildSettings = {
				ALWAYS_SEARCH_USER_PATHS = NO;
				CLANG_CXX_LANGUAGE_STANDARD = "gnu++0x";
				CLANG_CXX_LIBRARY = "libc++";
				CLANG_ENABLE_MODULES = YES;
				CLANG_ENABLE_OBJC_ARC = YES;
				CLANG_WARN_BOOL_CONVERSION = YES;
				CLANG_WARN_CONSTANT_CONVERSION = YES;
				CLANG_WARN_DIRECT_OBJC_ISA_USAGE = YES_ERROR;
				CLANG_WARN_EMPTY_BODY = YES;
				CLANG_WARN_ENUM_CONVERSION = YES;
				CLANG_WARN_INT_CONVERSION = YES;
				CLANG_WARN_OBJC_ROOT_CLASS = YES_ERROR;
				CLANG_WARN_UNREACHABLE_CODE = YES;
				CLANG_WARN__DUPLICATE_METHOD_MATCH = YES;
				"CODE_SIGN_IDENTITY[sdk=iphoneos*]" = "iPhone Developer";
				COPY_PHASE_STRIP = NO;
				DEBUG_INFORMATION_FORMAT = "dwarf-with-dsym";
				ENABLE_NS_ASSERTIONS = NO;
				ENABLE_STRICT_OBJC_MSGSEND = YES;
				GCC_C_LANGUAGE_STANDARD = gnu99;
				GCC_NO_COMMON_BLOCKS = YES;
				GCC_WARN_64_TO_32_BIT_CONVERSION = YES;
				GCC_WARN_ABOUT_RETURN_TYPE = YES_ERROR;
				GCC_WARN_UNDECLARED_SELECTOR = YES;
				GCC_WARN_UNINITIALIZED_AUTOS = YES_AGGRESSIVE;
				GCC_WARN_UNUSED_FUNCTION = YES;
				GCC_WARN_UNUSED_VARIABLE = YES;
				IPHONEOS_DEPLOYMENT_TARGET = 9.1;
				MTL_ENABLE_DEBUG_INFO = NO;
				SDKROOT = iphoneos;
				TARGETED_DEVICE_FAMILY = "1,2";
				VALIDATE_PRODUCT = YES;
			};
			name = Release;
		};
		490086921BDBCAA3005FAD72 /* Debug */ = {
			isa = XCBuildConfiguration;
			buildSettings = {
				ASSETCATALOG_COMPILER_APPICON_NAME = AppIcon;
				INFOPLIST_FILE = Sidebar/Info.plist;
				LD_RUNPATH_SEARCH_PATHS = "$(inherited) @executable_path/Frameworks";
				PRODUCT_BUNDLE_IDENTIFIER = Rospin.Sidebar;
				PRODUCT_NAME = "$(TARGET_NAME)";
			};
			name = Debug;
		};
		490086931BDBCAA3005FAD72 /* Release */ = {
			isa = XCBuildConfiguration;
			buildSettings = {
				ASSETCATALOG_COMPILER_APPICON_NAME = AppIcon;
				INFOPLIST_FILE = Sidebar/Info.plist;
				LD_RUNPATH_SEARCH_PATHS = "$(inherited) @executable_path/Frameworks";
				PRODUCT_BUNDLE_IDENTIFIER = Rospin.Sidebar;
				PRODUCT_NAME = "$(TARGET_NAME)";
			};
			name = Release;
		};
/* End XCBuildConfiguration section */

/* Begin XCConfigurationList section */
		4900867A1BDBCAA3005FAD72 /* Build configuration list for PBXProject "Sidebar" */ = {
			isa = XCConfigurationList;
			buildConfigurations = (
				4900868F1BDBCAA3005FAD72 /* Debug */,
				490086901BDBCAA3005FAD72 /* Release */,
			);
			defaultConfigurationIsVisible = 0;
			defaultConfigurationName = Release;
		};
		490086911BDBCAA3005FAD72 /* Build configuration list for PBXNativeTarget "Sidebar" */ = {
			isa = XCConfigurationList;
			buildConfigurations = (
				490086921BDBCAA3005FAD72 /* Debug */,
				490086931BDBCAA3005FAD72 /* Release */,
			);
			defaultConfigurationIsVisible = 0;
		};
/* End XCConfigurationList section */
	};
	rootObject = 490086771BDBCAA3005FAD72 /* Project object */;
}
