// !$*UTF8*$!
{
	archiveVersion = 1;
	classes = {
	};
	objectVersion = 46;
	objects = {

/* Begin PBXBuildFile section */
		8F2F641E1C22AD1E00653CB1 /* AppDelegate.swift in Sources */ = {isa = PBXBuildFile; fileRef = 8F2F641D1C22AD1E00653CB1 /* AppDelegate.swift */; };
		8F2F64201C22AD1E00653CB1 /* ViewController.swift in Sources */ = {isa = PBXBuildFile; fileRef = 8F2F641F1C22AD1E00653CB1 /* ViewController.swift */; };
		8F2F64221C22AD1E00653CB1 /* Assets.xcassets in Resources */ = {isa = PBXBuildFile; fileRef = 8F2F64211C22AD1E00653CB1 /* Assets.xcassets */; };
		8F2F64251C22AD1E00653CB1 /* Main.storyboard in Resources */ = {isa = PBXBuildFile; fileRef = 8F2F64231C22AD1E00653CB1 /* Main.storyboard */; };
		8F2F642D1C22ADA900653CB1 /* Feeds.plist in Resources */ = {isa = PBXBuildFile; fileRef = 8F2F642C1C22ADA900653CB1 /* Feeds.plist */; };
		8F8CCB1F1C4E6D9300C37407 /* Feed.swift in Sources */ = {isa = PBXBuildFile; fileRef = 8F8CCB1E1C4E6D9300C37407 /* Feed.swift */; };
		8F8CCB211C4E6DE300C37407 /* FeedItem.swift in Sources */ = {isa = PBXBuildFile; fileRef = 8F8CCB201C4E6DE300C37407 /* FeedItem.swift */; };
/* End PBXBuildFile section */

/* Begin PBXFileReference section */
		8F2F641A1C22AD1E00653CB1 /* Reader.app */ = {isa = PBXFileReference; explicitFileType = wrapper.application; includeInIndex = 0; path = Reader.app; sourceTree = BUILT_PRODUCTS_DIR; };
		8F2F641D1C22AD1E00653CB1 /* AppDelegate.swift */ = {isa = PBXFileReference; lastKnownFileType = sourcecode.swift; path = AppDelegate.swift; sourceTree = "<group>"; };
		8F2F641F1C22AD1E00653CB1 /* ViewController.swift */ = {isa = PBXFileReference; lastKnownFileType = sourcecode.swift; path = ViewController.swift; sourceTree = "<group>"; };
		8F2F64211C22AD1E00653CB1 /* Assets.xcassets */ = {isa = PBXFileReference; lastKnownFileType = folder.assetcatalog; path = Assets.xcassets; sourceTree = "<group>"; };
		8F2F64241C22AD1E00653CB1 /* Base */ = {isa = PBXFileReference; lastKnownFileType = file.storyboard; name = Base; path = Base.lproj/Main.storyboard; sourceTree = "<group>"; };
		8F2F64261C22AD1E00653CB1 /* Info.plist */ = {isa = PBXFileReference; lastKnownFileType = text.plist.xml; path = Info.plist; sourceTree = "<group>"; };
		8F2F642C1C22ADA900653CB1 /* Feeds.plist */ = {isa = PBXFileReference; fileEncoding = 4; lastKnownFileType = text.plist.xml; path = Feeds.plist; sourceTree = "<group>"; };
		8F8CCB1E1C4E6D9300C37407 /* Feed.swift */ = {isa = PBXFileReference; fileEncoding = 4; lastKnownFileType = sourcecode.swift; path = Feed.swift; sourceTree = "<group>"; };
		8F8CCB201C4E6DE300C37407 /* FeedItem.swift */ = {isa = PBXFileReference; fileEncoding = 4; lastKnownFileType = sourcecode.swift; path = FeedItem.swift; sourceTree = "<group>"; };
/* End PBXFileReference section */

/* Begin PBXFrameworksBuildPhase section */
		8F2F64171C22AD1E00653CB1 /* Frameworks */ = {
			isa = PBXFrameworksBuildPhase;
			buildActionMask = 2147483647;
			files = (
			);
			runOnlyForDeploymentPostprocessing = 0;
		};
/* End PBXFrameworksBuildPhase section */

/* Begin PBXGroup section */
		8F2F64111C22AD1E00653CB1 = {
			isa = PBXGroup;
			children = (
				8F2F641C1C22AD1E00653CB1 /* Reader */,
				8F2F641B1C22AD1E00653CB1 /* Products */,
			);
			indentWidth = 2;
			sourceTree = "<group>";
			tabWidth = 2;
		};
		8F2F641B1C22AD1E00653CB1 /* Products */ = {
			isa = PBXGroup;
			children = (
				8F2F641A1C22AD1E00653CB1 /* Reader.app */,
			);
			name = Products;
			sourceTree = "<group>";
		};
		8F2F641C1C22AD1E00653CB1 /* Reader */ = {
			isa = PBXGroup;
			children = (
				8F2F64231C22AD1E00653CB1 /* Main.storyboard */,
				8F2F641D1C22AD1E00653CB1 /* AppDelegate.swift */,
				8F2F641F1C22AD1E00653CB1 /* ViewController.swift */,
				8F8CCB1E1C4E6D9300C37407 /* Feed.swift */,
				8F8CCB201C4E6DE300C37407 /* FeedItem.swift */,
				8F2F642C1C22ADA900653CB1 /* Feeds.plist */,
				8F2F64211C22AD1E00653CB1 /* Assets.xcassets */,
				8F2F64261C22AD1E00653CB1 /* Info.plist */,
			);
			path = Reader;
			sourceTree = "<group>";
		};
/* End PBXGroup section */

/* Begin PBXNativeTarget section */
		8F2F64191C22AD1E00653CB1 /* Reader */ = {
			isa = PBXNativeTarget;
			buildConfigurationList = 8F2F64291C22AD1E00653CB1 /* Build configuration list for PBXNativeTarget "Reader" */;
			buildPhases = (
				8F2F64161C22AD1E00653CB1 /* Sources */,
				8F2F64171C22AD1E00653CB1 /* Frameworks */,
				8F2F64181C22AD1E00653CB1 /* Resources */,
			);
			buildRules = (
			);
			dependencies = (
			);
			name = Reader;
			productName = Reader;
			productReference = 8F2F641A1C22AD1E00653CB1 /* Reader.app */;
			productType = "com.apple.product-type.application";
		};
/* End PBXNativeTarget section */

/* Begin PBXProject section */
		8F2F64121C22AD1E00653CB1 /* Project object */ = {
			isa = PBXProject;
			attributes = {
				LastSwiftUpdateCheck = 0720;
				LastUpgradeCheck = 0720;
				ORGANIZATIONNAME = "Razeware LLC";
				TargetAttributes = {
					8F2F64191C22AD1E00653CB1 = {
						CreatedOnToolsVersion = 7.2;
					};
				};
			};
			buildConfigurationList = 8F2F64151C22AD1E00653CB1 /* Build configuration list for PBXProject "Reader" */;
			compatibilityVersion = "Xcode 3.2";
			developmentRegion = English;
			hasScannedForEncodings = 0;
			knownRegions = (
				en,
				Base,
			);
			mainGroup = 8F2F64111C22AD1E00653CB1;
			productRefGroup = 8F2F641B1C22AD1E00653CB1 /* Products */;
			projectDirPath = "";
			projectRoot = "";
			targets = (
				8F2F64191C22AD1E00653CB1 /* Reader */,
			);
		};
/* End PBXProject section */

/* Begin PBXResourcesBuildPhase section */
		8F2F64181C22AD1E00653CB1 /* Resources */ = {
			isa = PBXResourcesBuildPhase;
			buildActionMask = 2147483647;
			files = (
				8F2F64221C22AD1E00653CB1 /* Assets.xcassets in Resources */,
				8F2F64251C22AD1E00653CB1 /* Main.storyboard in Resources */,
				8F2F642D1C22ADA900653CB1 /* Feeds.plist in Resources */,
			);
			runOnlyForDeploymentPostprocessing = 0;
		};
/* End PBXResourcesBuildPhase section */

/* Begin PBXSourcesBuildPhase section */
		8F2F64161C22AD1E00653CB1 /* Sources */ = {
			isa = PBXSourcesBuildPhase;
			buildActionMask = 2147483647;
			files = (
				8F8CCB211C4E6DE300C37407 /* FeedItem.swift in Sources */,
				8F2F64201C22AD1E00653CB1 /* ViewController.swift in Sources */,
				8F8CCB1F1C4E6D9300C37407 /* Feed.swift in Sources */,
				8F2F641E1C22AD1E00653CB1 /* AppDelegate.swift in Sources */,
			);
			runOnlyForDeploymentPostprocessing = 0;
		};
/* End PBXSourcesBuildPhase section */

/* Begin PBXVariantGroup section */
		8F2F64231C22AD1E00653CB1 /* Main.storyboard */ = {
			isa = PBXVariantGroup;
			children = (
				8F2F64241C22AD1E00653CB1 /* Base */,
			);
			name = Main.storyboard;
			sourceTree = "<group>";
		};
/* End PBXVariantGroup section */

/* Begin XCBuildConfiguration section */
		8F2F64271C22AD1E00653CB1 /* Debug */ = {
			isa = XCBuildConfiguration;
			buildSettings = {
				ALWAYS_SEARCH_USER_PATHS = NO;
				CLANG_CXX_LANGUAGE_STANDARD = "gnu++0x";
				CLANG_CXX_LIBRARY = "libc++";
				CLANG_ENABLE_MODULES = YES;
				CLANG_ENABLE_OBJC_ARC = YES;
				CLANG_WARN_BOOL_CONVERSION = YES;
				CLANG_WARN_CONSTANT_CONVERSION = YES;
				CLANG_WARN_DIRECT_OBJC_ISA_USAGE = YES_ERROR;
				CLANG_WARN_EMPTY_BODY = YES;
				CLANG_WARN_ENUM_CONVERSION = YES;
				CLANG_WARN_INT_CONVERSION = YES;
				CLANG_WARN_OBJC_ROOT_CLASS = YES_ERROR;
				CLANG_WARN_UNREACHABLE_CODE = YES;
				CLANG_WARN__DUPLICATE_METHOD_MATCH = YES;
				CODE_SIGN_IDENTITY = "-";
				COPY_PHASE_STRIP = NO;
				DEBUG_INFORMATION_FORMAT = dwarf;
				ENABLE_STRICT_OBJC_MSGSEND = YES;
				ENABLE_TESTABILITY = YES;
				GCC_C_LANGUAGE_STANDARD = gnu99;
				GCC_DYNAMIC_NO_PIC = NO;
				GCC_NO_COMMON_BLOCKS = YES;
				GCC_OPTIMIZATION_LEVEL = 0;
				GCC_PREPROCESSOR_DEFINITIONS = (
					"DEBUG=1",
					"$(inherited)",
				);
				GCC_WARN_64_TO_32_BIT_CONVERSION = YES;
				GCC_WARN_ABOUT_RETURN_TYPE = YES_ERROR;
				GCC_WARN_UNDECLARED_SELECTOR = YES;
				GCC_WARN_UNINITIALIZED_AUTOS = YES_AGGRESSIVE;
				GCC_WARN_UNUSED_FUNCTION = YES;
				GCC_WARN_UNUSED_VARIABLE = YES;
				MACOSX_DEPLOYMENT_TARGET = 10.11;
				MTL_ENABLE_DEBUG_INFO = YES;
				ONLY_ACTIVE_ARCH = YES;
				SDKROOT = macosx;
				SWIFT_OPTIMIZATION_LEVEL = "-Onone";
			};
			name = Debug;
		};
		8F2F64281C22AD1E00653CB1 /* Release */ = {
			isa = XCBuildConfiguration;
			buildSettings = {
				ALWAYS_SEARCH_USER_PATHS = NO;
				CLANG_CXX_LANGUAGE_STANDARD = "gnu++0x";
				CLANG_CXX_LIBRARY = "libc++";
				CLANG_ENABLE_MODULES = YES;
				CLANG_ENABLE_OBJC_ARC = YES;
				CLANG_WARN_BOOL_CONVERSION = YES;
				CLANG_WARN_CONSTANT_CONVERSION = YES;
				CLANG_WARN_DIRECT_OBJC_ISA_USAGE = YES_ERROR;
				CLANG_WARN_EMPTY_BODY = YES;
				CLANG_WARN_ENUM_CONVERSION = YES;
				CLANG_WARN_INT_CONVERSION = YES;
				CLANG_WARN_OBJC_ROOT_CLASS = YES_ERROR;
				CLANG_WARN_UNREACHABLE_CODE = YES;
				CLANG_WARN__DUPLICATE_METHOD_MATCH = YES;
				CODE_SIGN_IDENTITY = "-";
				COPY_PHASE_STRIP = NO;
				DEBUG_INFORMATION_FORMAT = "dwarf-with-dsym";
				ENABLE_NS_ASSERTIONS = NO;
				ENABLE_STRICT_OBJC_MSGSEND = YES;
				GCC_C_LANGUAGE_STANDARD = gnu99;
				GCC_NO_COMMON_BLOCKS = YES;
				GCC_WARN_64_TO_32_BIT_CONVERSION = YES;
				GCC_WARN_ABOUT_RETURN_TYPE = YES_ERROR;
				GCC_WARN_UNDECLARED_SELECTOR = YES;
				GCC_WARN_UNINITIALIZED_AUTOS = YES_AGGRESSIVE;
				GCC_WARN_UNUSED_FUNCTION = YES;
				GCC_WARN_UNUSED_VARIABLE = YES;
				MACOSX_DEPLOYMENT_TARGET = 10.11;
				MTL_ENABLE_DEBUG_INFO = NO;
				SDKROOT = macosx;
			};
			name = Release;
		};
		8F2F642A1C22AD1E00653CB1 /* Debug */ = {
			isa = XCBuildConfiguration;
			buildSettings = {
				ASSETCATALOG_COMPILER_APPICON_NAME = AppIcon;
				COMBINE_HIDPI_IMAGES = YES;
				INFOPLIST_FILE = Reader/Info.plist;
				LD_RUNPATH_SEARCH_PATHS = "$(inherited) @executable_path/../Frameworks";
				PRODUCT_BUNDLE_IDENTIFIER = com.razeware.Reader;
				PRODUCT_NAME = "$(TARGET_NAME)";
			};
			name = Debug;
		};
		8F2F642B1C22AD1E00653CB1 /* Release */ = {
			isa = XCBuildConfiguration;
			buildSettings = {
				ASSETCATALOG_COMPILER_APPICON_NAME = AppIcon;
				COMBINE_HIDPI_IMAGES = YES;
				INFOPLIST_FILE = Reader/Info.plist;
				LD_RUNPATH_SEARCH_PATHS = "$(inherited) @executable_path/../Frameworks";
				PRODUCT_BUNDLE_IDENTIFIER = com.razeware.Reader;
				PRODUCT_NAME = "$(TARGET_NAME)";
			};
			name = Release;
		};
/* End XCBuildConfiguration section */

/* Begin XCConfigurationList section */
		8F2F64151C22AD1E00653CB1 /* Build configuration list for PBXProject "Reader" */ = {
			isa = XCConfigurationList;
			buildConfigurations = (
				8F2F64271C22AD1E00653CB1 /* Debug */,
				8F2F64281C22AD1E00653CB1 /* Release */,
			);
			defaultConfigurationIsVisible = 0;
			defaultConfigurationName = Release;
		};
		8F2F64291C22AD1E00653CB1 /* Build configuration list for PBXNativeTarget "Reader" */ = {
			isa = XCConfigurationList;
			buildConfigurations = (
				8F2F642A1C22AD1E00653CB1 /* Debug */,
				8F2F642B1C22AD1E00653CB1 /* Release */,
			);
			defaultConfigurationIsVisible = 0;
			defaultConfigurationName = Release;
		};
/* End XCConfigurationList section */
	};
	rootObject = 8F2F64121C22AD1E00653CB1 /* Project object */;
}
