// !$*UTF8*$!
{
	archiveVersion = 1;
	classes = {
	};
	objectVersion = 46;
	objects = {

/* Begin PBXBuildFile section */
		27B98B3C1D36F3DC006DB993 /* AppDelegate.swift in Sources */ = {isa = PBXBuildFile; fileRef = 27B98B3B1D36F3DC006DB993 /* AppDelegate.swift */; };
		27B98B401D36F3DD006DB993 /* Assets.xcassets in Resources */ = {isa = PBXBuildFile; fileRef = 27B98B3F1D36F3DD006DB993 /* Assets.xcassets */; };
		27B98B431D36F3DD006DB993 /* Main.storyboard in Resources */ = {isa = PBXBuildFile; fileRef = 27B98B411D36F3DD006DB993 /* Main.storyboard */; };
		27B98B4C1D36F497006DB993 /* ProjectsViewController.swift in Sources */ = {isa = PBXBuildFile; fileRef = 27B98B4A1D36F497006DB993 /* ProjectsViewController.swift */; };
		27B98B4D1D36F497006DB993 /* Project.swift in Sources */ = {isa = PBXBuildFile; fileRef = 27B98B4B1D36F497006DB993 /* Project.swift */; };
/* End PBXBuildFile section */

/* Begin PBXFileReference section */
		27B98B381D36F3DC006DB993 /* Outline.app */ = {isa = PBXFileReference; explicitFileType = wrapper.application; includeInIndex = 0; path = Outline.app; sourceTree = BUILT_PRODUCTS_DIR; };
		27B98B3B1D36F3DC006DB993 /* AppDelegate.swift */ = {isa = PBXFileReference; lastKnownFileType = sourcecode.swift; path = AppDelegate.swift; sourceTree = "<group>"; };
		27B98B3F1D36F3DD006DB993 /* Assets.xcassets */ = {isa = PBXFileReference; lastKnownFileType = folder.assetcatalog; path = Assets.xcassets; sourceTree = "<group>"; };
		27B98B421D36F3DD006DB993 /* Base */ = {isa = PBXFileReference; lastKnownFileType = file.storyboard; name = Base; path = Base.lproj/Main.storyboard; sourceTree = "<group>"; };
		27B98B441D36F3DD006DB993 /* Info.plist */ = {isa = PBXFileReference; lastKnownFileType = text.plist.xml; path = Info.plist; sourceTree = "<group>"; };
		27B98B4A1D36F497006DB993 /* ProjectsViewController.swift */ = {isa = PBXFileReference; fileEncoding = 4; lastKnownFileType = sourcecode.swift; path = ProjectsViewController.swift; sourceTree = "<group>"; };
		27B98B4B1D36F497006DB993 /* Project.swift */ = {isa = PBXFileReference; fileEncoding = 4; lastKnownFileType = sourcecode.swift; path = Project.swift; sourceTree = "<group>"; };
/* End PBXFileReference section */

/* Begin PBXFrameworksBuildPhase section */
		27B98B351D36F3DC006DB993 /* Frameworks */ = {
			isa = PBXFrameworksBuildPhase;
			buildActionMask = 2147483647;
			files = (
			);
			runOnlyForDeploymentPostprocessing = 0;
		};
/* End PBXFrameworksBuildPhase section */

/* Begin PBXGroup section */
		27B98B2F1D36F3DC006DB993 = {
			isa = PBXGroup;
			children = (
				27B98B3A1D36F3DC006DB993 /* Outline */,
				27B98B391D36F3DC006DB993 /* Products */,
			);
			sourceTree = "<group>";
		};
		27B98B391D36F3DC006DB993 /* Products */ = {
			isa = PBXGroup;
			children = (
				27B98B381D36F3DC006DB993 /* Outline.app */,
			);
			name = Products;
			sourceTree = "<group>";
		};
		27B98B3A1D36F3DC006DB993 /* Outline */ = {
			isa = PBXGroup;
			children = (
				27B98B411D36F3DD006DB993 /* Main.storyboard */,
				27B98B3B1D36F3DC006DB993 /* AppDelegate.swift */,
				27B98B4A1D36F497006DB993 /* ProjectsViewController.swift */,
				27B98B4B1D36F497006DB993 /* Project.swift */,
				27B98B3F1D36F3DD006DB993 /* Assets.xcassets */,
				27B98B441D36F3DD006DB993 /* Info.plist */,
			);
			path = Outline;
			sourceTree = "<group>";
		};
/* End PBXGroup section */

/* Begin PBXNativeTarget section */
		27B98B371D36F3DC006DB993 /* Outline */ = {
			isa = PBXNativeTarget;
			buildConfigurationList = 27B98B471D36F3DD006DB993 /* Build configuration list for PBXNativeTarget "Outline" */;
			buildPhases = (
				27B98B341D36F3DC006DB993 /* Sources */,
				27B98B351D36F3DC006DB993 /* Frameworks */,
				27B98B361D36F3DC006DB993 /* Resources */,
			);
			buildRules = (
			);
			dependencies = (
			);
			name = Outline;
			productName = Outline;
			productReference = 27B98B381D36F3DC006DB993 /* Outline.app */;
			productType = "com.apple.product-type.application";
		};
/* End PBXNativeTarget section */

/* Begin PBXProject section */
		27B98B301D36F3DC006DB993 /* Project object */ = {
			isa = PBXProject;
			attributes = {
				LastSwiftUpdateCheck = 0730;
				LastUpgradeCheck = 0730;
				ORGANIZATIONNAME = "Andrew Dzhur";
				TargetAttributes = {
					27B98B371D36F3DC006DB993 = {
						CreatedOnToolsVersion = 7.3.1;
					};
				};
			};
			buildConfigurationList = 27B98B331D36F3DC006DB993 /* Build configuration list for PBXProject "Outline" */;
			compatibilityVersion = "Xcode 3.2";
			developmentRegion = English;
			hasScannedForEncodings = 0;
			knownRegions = (
				en,
				Base,
			);
			mainGroup = 27B98B2F1D36F3DC006DB993;
			productRefGroup = 27B98B391D36F3DC006DB993 /* Products */;
			projectDirPath = "";
			projectRoot = "";
			targets = (
				27B98B371D36F3DC006DB993 /* Outline */,
			);
		};
/* End PBXProject section */

/* Begin PBXResourcesBuildPhase section */
		27B98B361D36F3DC006DB993 /* Resources */ = {
			isa = PBXResourcesBuildPhase;
			buildActionMask = 2147483647;
			files = (
				27B98B401D36F3DD006DB993 /* Assets.xcassets in Resources */,
				27B98B431D36F3DD006DB993 /* Main.storyboard in Resources */,
			);
			runOnlyForDeploymentPostprocessing = 0;
		};
/* End PBXResourcesBuildPhase section */

/* Begin PBXSourcesBuildPhase section */
		27B98B341D36F3DC006DB993 /* Sources */ = {
			isa = PBXSourcesBuildPhase;
			buildActionMask = 2147483647;
			files = (
				27B98B4C1D36F497006DB993 /* ProjectsViewController.swift in Sources */,
				27B98B3C1D36F3DC006DB993 /* AppDelegate.swift in Sources */,
				27B98B4D1D36F497006DB993 /* Project.swift in Sources */,
			);
			runOnlyForDeploymentPostprocessing = 0;
		};
/* End PBXSourcesBuildPhase section */

/* Begin PBXVariantGroup section */
		27B98B411D36F3DD006DB993 /* Main.storyboard */ = {
			isa = PBXVariantGroup;
			children = (
				27B98B421D36F3DD006DB993 /* Base */,
			);
			name = Main.storyboard;
			sourceTree = "<group>";
		};
/* End PBXVariantGroup section */

/* Begin XCBuildConfiguration section */
		27B98B451D36F3DD006DB993 /* Debug */ = {
			isa = XCBuildConfiguration;
			buildSettings = {
				ALWAYS_SEARCH_USER_PATHS = NO;
				CLANG_ANALYZER_NONNULL = YES;
				CLANG_CXX_LANGUAGE_STANDARD = "gnu++0x";
				CLANG_CXX_LIBRARY = "libc++";
				CLANG_ENABLE_MODULES = YES;
				CLANG_ENABLE_OBJC_ARC = YES;
				CLANG_WARN_BOOL_CONVERSION = YES;
				CLANG_WARN_CONSTANT_CONVERSION = YES;
				CLANG_WARN_DIRECT_OBJC_ISA_USAGE = YES_ERROR;
				CLANG_WARN_EMPTY_BODY = YES;
				CLANG_WARN_ENUM_CONVERSION = YES;
				CLANG_WARN_INT_CONVERSION = YES;
				CLANG_WARN_OBJC_ROOT_CLASS = YES_ERROR;
				CLANG_WARN_UNREACHABLE_CODE = YES;
				CLANG_WARN__DUPLICATE_METHOD_MATCH = YES;
				CODE_SIGN_IDENTITY = "-";
				COPY_PHASE_STRIP = NO;
				DEBUG_INFORMATION_FORMAT = dwarf;
				ENABLE_STRICT_OBJC_MSGSEND = YES;
				ENABLE_TESTABILITY = YES;
				GCC_C_LANGUAGE_STANDARD = gnu99;
				GCC_DYNAMIC_NO_PIC = NO;
				GCC_NO_COMMON_BLOCKS = YES;
				GCC_OPTIMIZATION_LEVEL = 0;
				GCC_PREPROCESSOR_DEFINITIONS = (
					"DEBUG=1",
					"$(inherited)",
				);
				GCC_WARN_64_TO_32_BIT_CONVERSION = YES;
				GCC_WARN_ABOUT_RETURN_TYPE = YES_ERROR;
				GCC_WARN_UNDECLARED_SELECTOR = YES;
				GCC_WARN_UNINITIALIZED_AUTOS = YES_AGGRESSIVE;
				GCC_WARN_UNUSED_FUNCTION = YES;
				GCC_WARN_UNUSED_VARIABLE = YES;
				MACOSX_DEPLOYMENT_TARGET = 10.11;
				MTL_ENABLE_DEBUG_INFO = YES;
				ONLY_ACTIVE_ARCH = YES;
				SDKROOT = macosx;
				SWIFT_OPTIMIZATION_LEVEL = "-Onone";
			};
			name = Debug;
		};
		27B98B461D36F3DD006DB993 /* Release */ = {
			isa = XCBuildConfiguration;
			buildSettings = {
				ALWAYS_SEARCH_USER_PATHS = NO;
				CLANG_ANALYZER_NONNULL = YES;
				CLANG_CXX_LANGUAGE_STANDARD = "gnu++0x";
				CLANG_CXX_LIBRARY = "libc++";
				CLANG_ENABLE_MODULES = YES;
				CLANG_ENABLE_OBJC_ARC = YES;
				CLANG_WARN_BOOL_CONVERSION = YES;
				CLANG_WARN_CONSTANT_CONVERSION = YES;
				CLANG_WARN_DIRECT_OBJC_ISA_USAGE = YES_ERROR;
				CLANG_WARN_EMPTY_BODY = YES;
				CLANG_WARN_ENUM_CONVERSION = YES;
				CLANG_WARN_INT_CONVERSION = YES;
				CLANG_WARN_OBJC_ROOT_CLASS = YES_ERROR;
				CLANG_WARN_UNREACHABLE_CODE = YES;
				CLANG_WARN__DUPLICATE_METHOD_MATCH = YES;
				CODE_SIGN_IDENTITY = "-";
				COPY_PHASE_STRIP = NO;
				DEBUG_INFORMATION_FORMAT = "dwarf-with-dsym";
				ENABLE_NS_ASSERTIONS = NO;
				ENABLE_STRICT_OBJC_MSGSEND = YES;
				GCC_C_LANGUAGE_STANDARD = gnu99;
				GCC_NO_COMMON_BLOCKS = YES;
				GCC_WARN_64_TO_32_BIT_CONVERSION = YES;
				GCC_WARN_ABOUT_RETURN_TYPE = YES_ERROR;
				GCC_WARN_UNDECLARED_SELECTOR = YES;
				GCC_WARN_UNINITIALIZED_AUTOS = YES_AGGRESSIVE;
				GCC_WARN_UNUSED_FUNCTION = YES;
				GCC_WARN_UNUSED_VARIABLE = YES;
				MACOSX_DEPLOYMENT_TARGET = 10.11;
				MTL_ENABLE_DEBUG_INFO = NO;
				SDKROOT = macosx;
			};
			name = Release;
		};
		27B98B481D36F3DD006DB993 /* Debug */ = {
			isa = XCBuildConfiguration;
			buildSettings = {
				ASSETCATALOG_COMPILER_APPICON_NAME = AppIcon;
				COMBINE_HIDPI_IMAGES = YES;
				INFOPLIST_FILE = Outline/Info.plist;
				LD_RUNPATH_SEARCH_PATHS = "$(inherited) @executable_path/../Frameworks";
				PRODUCT_BUNDLE_IDENTIFIER = Tectonics.Outline;
				PRODUCT_NAME = "$(TARGET_NAME)";
			};
			name = Debug;
		};
		27B98B491D36F3DD006DB993 /* Release */ = {
			isa = XCBuildConfiguration;
			buildSettings = {
				ASSETCATALOG_COMPILER_APPICON_NAME = AppIcon;
				COMBINE_HIDPI_IMAGES = YES;
				INFOPLIST_FILE = Outline/Info.plist;
				LD_RUNPATH_SEARCH_PATHS = "$(inherited) @executable_path/../Frameworks";
				PRODUCT_BUNDLE_IDENTIFIER = Tectonics.Outline;
				PRODUCT_NAME = "$(TARGET_NAME)";
			};
			name = Release;
		};
/* End XCBuildConfiguration section */

/* Begin XCConfigurationList section */
		27B98B331D36F3DC006DB993 /* Build configuration list for PBXProject "Outline" */ = {
			isa = XCConfigurationList;
			buildConfigurations = (
				27B98B451D36F3DD006DB993 /* Debug */,
				27B98B461D36F3DD006DB993 /* Release */,
			);
			defaultConfigurationIsVisible = 0;
			defaultConfigurationName = Release;
		};
		27B98B471D36F3DD006DB993 /* Build configuration list for PBXNativeTarget "Outline" */ = {
			isa = XCConfigurationList;
			buildConfigurations = (
				27B98B481D36F3DD006DB993 /* Debug */,
				27B98B491D36F3DD006DB993 /* Release */,
			);
			defaultConfigurationIsVisible = 0;
		};
/* End XCConfigurationList section */
	};
	rootObject = 27B98B301D36F3DC006DB993 /* Project object */;
}
