// !$*UTF8*$!
{
	archiveVersion = 1;
	classes = {
	};
	objectVersion = 46;
	objects = {

/* Begin PBXBuildFile section */
		49D4FA651BD90D9E00D8377A /* AppDelegate.swift in Sources */ = {isa = PBXBuildFile; fileRef = 49D4FA641BD90D9E00D8377A /* AppDelegate.swift */; };
		49D4FA671BD90D9E00D8377A /* ViewController.swift in Sources */ = {isa = PBXBuildFile; fileRef = 49D4FA661BD90D9E00D8377A /* ViewController.swift */; };
		49D4FA6A1BD90D9E00D8377A /* Main.storyboard in Resources */ = {isa = PBXBuildFile; fileRef = 49D4FA681BD90D9E00D8377A /* Main.storyboard */; };
		49D4FA6C1BD90D9E00D8377A /* Assets.xcassets in Resources */ = {isa = PBXBuildFile; fileRef = 49D4FA6B1BD90D9E00D8377A /* Assets.xcassets */; };
		49D4FA6F1BD90D9E00D8377A /* LaunchScreen.storyboard in Resources */ = {isa = PBXBuildFile; fileRef = 49D4FA6D1BD90D9E00D8377A /* LaunchScreen.storyboard */; };
		49D4FA771BD912F400D8377A /* randomListTableViewController.swift in Sources */ = {isa = PBXBuildFile; fileRef = 49D4FA761BD912F400D8377A /* randomListTableViewController.swift */; };
		49D4FA8A1BD92F1700D8377A /* 2.png in Resources */ = {isa = PBXBuildFile; fileRef = 49D4FA891BD92F1700D8377A /* 2.png */; };
/* End PBXBuildFile section */

/* Begin PBXFileReference section */
		49D4FA611BD90D9E00D8377A /* CustomDeleteButton.app */ = {isa = PBXFileReference; explicitFileType = wrapper.application; includeInIndex = 0; path = CustomDeleteButton.app; sourceTree = BUILT_PRODUCTS_DIR; };
		49D4FA641BD90D9E00D8377A /* AppDelegate.swift */ = {isa = PBXFileReference; lastKnownFileType = sourcecode.swift; path = AppDelegate.swift; sourceTree = "<group>"; };
		49D4FA661BD90D9E00D8377A /* ViewController.swift */ = {isa = PBXFileReference; lastKnownFileType = sourcecode.swift; path = ViewController.swift; sourceTree = "<group>"; };
		49D4FA691BD90D9E00D8377A /* Base */ = {isa = PBXFileReference; lastKnownFileType = file.storyboard; name = Base; path = Base.lproj/Main.storyboard; sourceTree = "<group>"; };
		49D4FA6B1BD90D9E00D8377A /* Assets.xcassets */ = {isa = PBXFileReference; lastKnownFileType = folder.assetcatalog; path = Assets.xcassets; sourceTree = "<group>"; };
		49D4FA6E1BD90D9E00D8377A /* Base */ = {isa = PBXFileReference; lastKnownFileType = file.storyboard; name = Base; path = Base.lproj/LaunchScreen.storyboard; sourceTree = "<group>"; };
		49D4FA701BD90D9E00D8377A /* Info.plist */ = {isa = PBXFileReference; lastKnownFileType = text.plist.xml; path = Info.plist; sourceTree = "<group>"; };
		49D4FA761BD912F400D8377A /* randomListTableViewController.swift */ = {isa = PBXFileReference; fileEncoding = 4; lastKnownFileType = sourcecode.swift; name = randomListTableViewController.swift; path = ../randomListTableViewController.swift; sourceTree = "<group>"; };
		49D4FA891BD92F1700D8377A /* 2.png */ = {isa = PBXFileReference; lastKnownFileType = image.png; path = 2.png; sourceTree = "<group>"; };
/* End PBXFileReference section */

/* Begin PBXFrameworksBuildPhase section */
		49D4FA5E1BD90D9E00D8377A /* Frameworks */ = {
			isa = PBXFrameworksBuildPhase;
			buildActionMask = 2147483647;
			files = (
			);
			runOnlyForDeploymentPostprocessing = 0;
		};
/* End PBXFrameworksBuildPhase section */

/* Begin PBXGroup section */
		49D4FA581BD90D9D00D8377A = {
			isa = PBXGroup;
			children = (
				49D4FA631BD90D9E00D8377A /* CustomDeleteButton */,
				49D4FA801BD91A7100D8377A /* Image */,
				49D4FA621BD90D9E00D8377A /* Products */,
			);
			sourceTree = "<group>";
		};
		49D4FA621BD90D9E00D8377A /* Products */ = {
			isa = PBXGroup;
			children = (
				49D4FA611BD90D9E00D8377A /* CustomDeleteButton.app */,
			);
			name = Products;
			sourceTree = "<group>";
		};
		49D4FA631BD90D9E00D8377A /* CustomDeleteButton */ = {
			isa = PBXGroup;
			children = (
				49D4FA681BD90D9E00D8377A /* Main.storyboard */,
				49D4FA6D1BD90D9E00D8377A /* LaunchScreen.storyboard */,
				49D4FA761BD912F400D8377A /* randomListTableViewController.swift */,
				49D4FA641BD90D9E00D8377A /* AppDelegate.swift */,
				49D4FA661BD90D9E00D8377A /* ViewController.swift */,
				49D4FA6B1BD90D9E00D8377A /* Assets.xcassets */,
				49D4FA701BD90D9E00D8377A /* Info.plist */,
			);
			path = CustomDeleteButton;
			sourceTree = "<group>";
		};
		49D4FA801BD91A7100D8377A /* Image */ = {
			isa = PBXGroup;
			children = (
				49D4FA891BD92F1700D8377A /* 2.png */,
			);
			name = Image;
			sourceTree = "<group>";
		};
/* End PBXGroup section */

/* Begin PBXNativeTarget section */
		49D4FA601BD90D9E00D8377A /* CustomDeleteButton */ = {
			isa = PBXNativeTarget;
			buildConfigurationList = 49D4FA731BD90D9E00D8377A /* Build configuration list for PBXNativeTarget "CustomDeleteButton" */;
			buildPhases = (
				49D4FA5D1BD90D9E00D8377A /* Sources */,
				49D4FA5E1BD90D9E00D8377A /* Frameworks */,
				49D4FA5F1BD90D9E00D8377A /* Resources */,
			);
			buildRules = (
			);
			dependencies = (
			);
			name = CustomDeleteButton;
			productName = CustomDeleteButton;
			productReference = 49D4FA611BD90D9E00D8377A /* CustomDeleteButton.app */;
			productType = "com.apple.product-type.application";
		};
/* End PBXNativeTarget section */

/* Begin PBXProject section */
		49D4FA591BD90D9D00D8377A /* Project object */ = {
			isa = PBXProject;
			attributes = {
				LastSwiftUpdateCheck = 0710;
				LastUpgradeCheck = 0710;
				ORGANIZATIONNAME = "Andrew Dzhur";
				TargetAttributes = {
					49D4FA601BD90D9E00D8377A = {
						CreatedOnToolsVersion = 7.1;
					};
				};
			};
			buildConfigurationList = 49D4FA5C1BD90D9D00D8377A /* Build configuration list for PBXProject "CustomDeleteButton" */;
			compatibilityVersion = "Xcode 3.2";
			developmentRegion = English;
			hasScannedForEncodings = 0;
			knownRegions = (
				en,
				Base,
			);
			mainGroup = 49D4FA581BD90D9D00D8377A;
			productRefGroup = 49D4FA621BD90D9E00D8377A /* Products */;
			projectDirPath = "";
			projectRoot = "";
			targets = (
				49D4FA601BD90D9E00D8377A /* CustomDeleteButton */,
			);
		};
/* End PBXProject section */

/* Begin PBXResourcesBuildPhase section */
		49D4FA5F1BD90D9E00D8377A /* Resources */ = {
			isa = PBXResourcesBuildPhase;
			buildActionMask = 2147483647;
			files = (
				49D4FA6F1BD90D9E00D8377A /* LaunchScreen.storyboard in Resources */,
				49D4FA8A1BD92F1700D8377A /* 2.png in Resources */,
				49D4FA6C1BD90D9E00D8377A /* Assets.xcassets in Resources */,
				49D4FA6A1BD90D9E00D8377A /* Main.storyboard in Resources */,
			);
			runOnlyForDeploymentPostprocessing = 0;
		};
/* End PBXResourcesBuildPhase section */

/* Begin PBXSourcesBuildPhase section */
		49D4FA5D1BD90D9E00D8377A /* Sources */ = {
			isa = PBXSourcesBuildPhase;
			buildActionMask = 2147483647;
			files = (
				49D4FA671BD90D9E00D8377A /* ViewController.swift in Sources */,
				49D4FA651BD90D9E00D8377A /* AppDelegate.swift in Sources */,
				49D4FA771BD912F400D8377A /* randomListTableViewController.swift in Sources */,
			);
			runOnlyForDeploymentPostprocessing = 0;
		};
/* End PBXSourcesBuildPhase section */

/* Begin PBXVariantGroup section */
		49D4FA681BD90D9E00D8377A /* Main.storyboard */ = {
			isa = PBXVariantGroup;
			children = (
				49D4FA691BD90D9E00D8377A /* Base */,
			);
			name = Main.storyboard;
			sourceTree = "<group>";
		};
		49D4FA6D1BD90D9E00D8377A /* LaunchScreen.storyboard */ = {
			isa = PBXVariantGroup;
			children = (
				49D4FA6E1BD90D9E00D8377A /* Base */,
			);
			name = LaunchScreen.storyboard;
			sourceTree = "<group>";
		};
/* End PBXVariantGroup section */

/* Begin XCBuildConfiguration section */
		49D4FA711BD90D9E00D8377A /* Debug */ = {
			isa = XCBuildConfiguration;
			buildSettings = {
				ALWAYS_SEARCH_USER_PATHS = NO;
				CLANG_CXX_LANGUAGE_STANDARD = "gnu++0x";
				CLANG_CXX_LIBRARY = "libc++";
				CLANG_ENABLE_MODULES = YES;
				CLANG_ENABLE_OBJC_ARC = YES;
				CLANG_WARN_BOOL_CONVERSION = YES;
				CLANG_WARN_CONSTANT_CONVERSION = YES;
				CLANG_WARN_DIRECT_OBJC_ISA_USAGE = YES_ERROR;
				CLANG_WARN_EMPTY_BODY = YES;
				CLANG_WARN_ENUM_CONVERSION = YES;
				CLANG_WARN_INT_CONVERSION = YES;
				CLANG_WARN_OBJC_ROOT_CLASS = YES_ERROR;
				CLANG_WARN_UNREACHABLE_CODE = YES;
				CLANG_WARN__DUPLICATE_METHOD_MATCH = YES;
				"CODE_SIGN_IDENTITY[sdk=iphoneos*]" = "iPhone Developer";
				COPY_PHASE_STRIP = NO;
				DEBUG_INFORMATION_FORMAT = dwarf;
				ENABLE_STRICT_OBJC_MSGSEND = YES;
				ENABLE_TESTABILITY = YES;
				GCC_C_LANGUAGE_STANDARD = gnu99;
				GCC_DYNAMIC_NO_PIC = NO;
				GCC_NO_COMMON_BLOCKS = YES;
				GCC_OPTIMIZATION_LEVEL = 0;
				GCC_PREPROCESSOR_DEFINITIONS = (
					"DEBUG=1",
					"$(inherited)",
				);
				GCC_WARN_64_TO_32_BIT_CONVERSION = YES;
				GCC_WARN_ABOUT_RETURN_TYPE = YES_ERROR;
				GCC_WARN_UNDECLARED_SELECTOR = YES;
				GCC_WARN_UNINITIALIZED_AUTOS = YES_AGGRESSIVE;
				GCC_WARN_UNUSED_FUNCTION = YES;
				GCC_WARN_UNUSED_VARIABLE = YES;
				IPHONEOS_DEPLOYMENT_TARGET = 9.1;
				MTL_ENABLE_DEBUG_INFO = YES;
				ONLY_ACTIVE_ARCH = YES;
				SDKROOT = iphoneos;
				SWIFT_OPTIMIZATION_LEVEL = "-Onone";
				TARGETED_DEVICE_FAMILY = "1,2";
			};
			name = Debug;
		};
		49D4FA721BD90D9E00D8377A /* Release */ = {
			isa = XCBuildConfiguration;
			buildSettings = {
				ALWAYS_SEARCH_USER_PATHS = NO;
				CLANG_CXX_LANGUAGE_STANDARD = "gnu++0x";
				CLANG_CXX_LIBRARY = "libc++";
				CLANG_ENABLE_MODULES = YES;
				CLANG_ENABLE_OBJC_ARC = YES;
				CLANG_WARN_BOOL_CONVERSION = YES;
				CLANG_WARN_CONSTANT_CONVERSION = YES;
				CLANG_WARN_DIRECT_OBJC_ISA_USAGE = YES_ERROR;
				CLANG_WARN_EMPTY_BODY = YES;
				CLANG_WARN_ENUM_CONVERSION = YES;
				CLANG_WARN_INT_CONVERSION = YES;
				CLANG_WARN_OBJC_ROOT_CLASS = YES_ERROR;
				CLANG_WARN_UNREACHABLE_CODE = YES;
				CLANG_WARN__DUPLICATE_METHOD_MATCH = YES;
				"CODE_SIGN_IDENTITY[sdk=iphoneos*]" = "iPhone Developer";
				COPY_PHASE_STRIP = NO;
				DEBUG_INFORMATION_FORMAT = "dwarf-with-dsym";
				ENABLE_NS_ASSERTIONS = NO;
				ENABLE_STRICT_OBJC_MSGSEND = YES;
				GCC_C_LANGUAGE_STANDARD = gnu99;
				GCC_NO_COMMON_BLOCKS = YES;
				GCC_WARN_64_TO_32_BIT_CONVERSION = YES;
				GCC_WARN_ABOUT_RETURN_TYPE = YES_ERROR;
				GCC_WARN_UNDECLARED_SELECTOR = YES;
				GCC_WARN_UNINITIALIZED_AUTOS = YES_AGGRESSIVE;
				GCC_WARN_UNUSED_FUNCTION = YES;
				GCC_WARN_UNUSED_VARIABLE = YES;
				IPHONEOS_DEPLOYMENT_TARGET = 9.1;
				MTL_ENABLE_DEBUG_INFO = NO;
				SDKROOT = iphoneos;
				TARGETED_DEVICE_FAMILY = "1,2";
				VALIDATE_PRODUCT = YES;
			};
			name = Release;
		};
		49D4FA741BD90D9E00D8377A /* Debug */ = {
			isa = XCBuildConfiguration;
			buildSettings = {
				ASSETCATALOG_COMPILER_APPICON_NAME = AppIcon;
				INFOPLIST_FILE = CustomDeleteButton/Info.plist;
				LD_RUNPATH_SEARCH_PATHS = "$(inherited) @executable_path/Frameworks";
				PRODUCT_BUNDLE_IDENTIFIER = Rospin.CustomDeleteButton;
				PRODUCT_NAME = "$(TARGET_NAME)";
			};
			name = Debug;
		};
		49D4FA751BD90D9E00D8377A /* Release */ = {
			isa = XCBuildConfiguration;
			buildSettings = {
				ASSETCATALOG_COMPILER_APPICON_NAME = AppIcon;
				INFOPLIST_FILE = CustomDeleteButton/Info.plist;
				LD_RUNPATH_SEARCH_PATHS = "$(inherited) @executable_path/Frameworks";
				PRODUCT_BUNDLE_IDENTIFIER = Rospin.CustomDeleteButton;
				PRODUCT_NAME = "$(TARGET_NAME)";
			};
			name = Release;
		};
/* End XCBuildConfiguration section */

/* Begin XCConfigurationList section */
		49D4FA5C1BD90D9D00D8377A /* Build configuration list for PBXProject "CustomDeleteButton" */ = {
			isa = XCConfigurationList;
			buildConfigurations = (
				49D4FA711BD90D9E00D8377A /* Debug */,
				49D4FA721BD90D9E00D8377A /* Release */,
			);
			defaultConfigurationIsVisible = 0;
			defaultConfigurationName = Release;
		};
		49D4FA731BD90D9E00D8377A /* Build configuration list for PBXNativeTarget "CustomDeleteButton" */ = {
			isa = XCConfigurationList;
			buildConfigurations = (
				49D4FA741BD90D9E00D8377A /* Debug */,
				49D4FA751BD90D9E00D8377A /* Release */,
			);
			defaultConfigurationIsVisible = 0;
		};
/* End XCConfigurationList section */
	};
	rootObject = 49D4FA591BD90D9D00D8377A /* Project object */;
}
