// !$*UTF8*$!
{
	archiveVersion = 1;
	classes = {
	};
	objectVersion = 46;
	objects = {

/* Begin PBXBuildFile section */
		49E110341BEA188D00F6C485 /* AppDelegate.swift in Sources */ = {isa = PBXBuildFile; fileRef = 49E110331BEA188D00F6C485 /* AppDelegate.swift */; };
		49E110391BEA188D00F6C485 /* Main.storyboard in Resources */ = {isa = PBXBuildFile; fileRef = 49E110371BEA188D00F6C485 /* Main.storyboard */; };
		49E1103B1BEA188D00F6C485 /* Assets.xcassets in Resources */ = {isa = PBXBuildFile; fileRef = 49E1103A1BEA188D00F6C485 /* Assets.xcassets */; };
		49E1103E1BEA188D00F6C485 /* LaunchScreen.storyboard in Resources */ = {isa = PBXBuildFile; fileRef = 49E1103C1BEA188D00F6C485 /* LaunchScreen.storyboard */; };
		49E1104A1BEA3B2500F6C485 /* ViewController.swift in Sources */ = {isa = PBXBuildFile; fileRef = 49E110491BEA3B2500F6C485 /* ViewController.swift */; };
/* End PBXBuildFile section */

/* Begin PBXFileReference section */
		49E110301BEA188D00F6C485 /* DynamicPanelHeader.app */ = {isa = PBXFileReference; explicitFileType = wrapper.application; includeInIndex = 0; path = DynamicPanelHeader.app; sourceTree = BUILT_PRODUCTS_DIR; };
		49E110331BEA188D00F6C485 /* AppDelegate.swift */ = {isa = PBXFileReference; lastKnownFileType = sourcecode.swift; path = AppDelegate.swift; sourceTree = "<group>"; };
		49E110381BEA188D00F6C485 /* Base */ = {isa = PBXFileReference; lastKnownFileType = file.storyboard; name = Base; path = Base.lproj/Main.storyboard; sourceTree = "<group>"; };
		49E1103A1BEA188D00F6C485 /* Assets.xcassets */ = {isa = PBXFileReference; lastKnownFileType = folder.assetcatalog; path = Assets.xcassets; sourceTree = "<group>"; };
		49E1103D1BEA188D00F6C485 /* Base */ = {isa = PBXFileReference; lastKnownFileType = file.storyboard; name = Base; path = Base.lproj/LaunchScreen.storyboard; sourceTree = "<group>"; };
		49E1103F1BEA188D00F6C485 /* Info.plist */ = {isa = PBXFileReference; lastKnownFileType = text.plist.xml; path = Info.plist; sourceTree = "<group>"; };
		49E110491BEA3B2500F6C485 /* ViewController.swift */ = {isa = PBXFileReference; fileEncoding = 4; lastKnownFileType = sourcecode.swift; name = ViewController.swift; path = ../ViewController.swift; sourceTree = "<group>"; };
/* End PBXFileReference section */

/* Begin PBXFrameworksBuildPhase section */
		49E1102D1BEA188D00F6C485 /* Frameworks */ = {
			isa = PBXFrameworksBuildPhase;
			buildActionMask = 2147483647;
			files = (
			);
			runOnlyForDeploymentPostprocessing = 0;
		};
/* End PBXFrameworksBuildPhase section */

/* Begin PBXGroup section */
		49E110271BEA188D00F6C485 = {
			isa = PBXGroup;
			children = (
				49E110321BEA188D00F6C485 /* DynamicPanelHeader */,
				49E110311BEA188D00F6C485 /* Products */,
			);
			sourceTree = "<group>";
		};
		49E110311BEA188D00F6C485 /* Products */ = {
			isa = PBXGroup;
			children = (
				49E110301BEA188D00F6C485 /* DynamicPanelHeader.app */,
			);
			name = Products;
			sourceTree = "<group>";
		};
		49E110321BEA188D00F6C485 /* DynamicPanelHeader */ = {
			isa = PBXGroup;
			children = (
				49E110371BEA188D00F6C485 /* Main.storyboard */,
				49E1103C1BEA188D00F6C485 /* LaunchScreen.storyboard */,
				49E110331BEA188D00F6C485 /* AppDelegate.swift */,
				49E110491BEA3B2500F6C485 /* ViewController.swift */,
				49E1103A1BEA188D00F6C485 /* Assets.xcassets */,
				49E1103F1BEA188D00F6C485 /* Info.plist */,
			);
			path = DynamicPanelHeader;
			sourceTree = "<group>";
		};
/* End PBXGroup section */

/* Begin PBXNativeTarget section */
		49E1102F1BEA188D00F6C485 /* DynamicPanelHeader */ = {
			isa = PBXNativeTarget;
			buildConfigurationList = 49E110421BEA188D00F6C485 /* Build configuration list for PBXNativeTarget "DynamicPanelHeader" */;
			buildPhases = (
				49E1102C1BEA188D00F6C485 /* Sources */,
				49E1102D1BEA188D00F6C485 /* Frameworks */,
				49E1102E1BEA188D00F6C485 /* Resources */,
			);
			buildRules = (
			);
			dependencies = (
			);
			name = DynamicPanelHeader;
			productName = DynamicPanelHeader;
			productReference = 49E110301BEA188D00F6C485 /* DynamicPanelHeader.app */;
			productType = "com.apple.product-type.application";
		};
/* End PBXNativeTarget section */

/* Begin PBXProject section */
		49E110281BEA188D00F6C485 /* Project object */ = {
			isa = PBXProject;
			attributes = {
				LastSwiftUpdateCheck = 0710;
				LastUpgradeCheck = 0710;
				ORGANIZATIONNAME = "Andrew Dzhur";
				TargetAttributes = {
					49E1102F1BEA188D00F6C485 = {
						CreatedOnToolsVersion = 7.1;
						DevelopmentTeam = 58JP37J35E;
					};
				};
			};
			buildConfigurationList = 49E1102B1BEA188D00F6C485 /* Build configuration list for PBXProject "DynamicPanelHeader" */;
			compatibilityVersion = "Xcode 3.2";
			developmentRegion = English;
			hasScannedForEncodings = 0;
			knownRegions = (
				en,
				Base,
			);
			mainGroup = 49E110271BEA188D00F6C485;
			productRefGroup = 49E110311BEA188D00F6C485 /* Products */;
			projectDirPath = "";
			projectRoot = "";
			targets = (
				49E1102F1BEA188D00F6C485 /* DynamicPanelHeader */,
			);
		};
/* End PBXProject section */

/* Begin PBXResourcesBuildPhase section */
		49E1102E1BEA188D00F6C485 /* Resources */ = {
			isa = PBXResourcesBuildPhase;
			buildActionMask = 2147483647;
			files = (
				49E1103E1BEA188D00F6C485 /* LaunchScreen.storyboard in Resources */,
				49E1103B1BEA188D00F6C485 /* Assets.xcassets in Resources */,
				49E110391BEA188D00F6C485 /* Main.storyboard in Resources */,
			);
			runOnlyForDeploymentPostprocessing = 0;
		};
/* End PBXResourcesBuildPhase section */

/* Begin PBXSourcesBuildPhase section */
		49E1102C1BEA188D00F6C485 /* Sources */ = {
			isa = PBXSourcesBuildPhase;
			buildActionMask = 2147483647;
			files = (
				49E1104A1BEA3B2500F6C485 /* ViewController.swift in Sources */,
				49E110341BEA188D00F6C485 /* AppDelegate.swift in Sources */,
			);
			runOnlyForDeploymentPostprocessing = 0;
		};
/* End PBXSourcesBuildPhase section */

/* Begin PBXVariantGroup section */
		49E110371BEA188D00F6C485 /* Main.storyboard */ = {
			isa = PBXVariantGroup;
			children = (
				49E110381BEA188D00F6C485 /* Base */,
			);
			name = Main.storyboard;
			sourceTree = "<group>";
		};
		49E1103C1BEA188D00F6C485 /* LaunchScreen.storyboard */ = {
			isa = PBXVariantGroup;
			children = (
				49E1103D1BEA188D00F6C485 /* Base */,
			);
			name = LaunchScreen.storyboard;
			sourceTree = "<group>";
		};
/* End PBXVariantGroup section */

/* Begin XCBuildConfiguration section */
		49E110401BEA188D00F6C485 /* Debug */ = {
			isa = XCBuildConfiguration;
			buildSettings = {
				ALWAYS_SEARCH_USER_PATHS = NO;
				CLANG_CXX_LANGUAGE_STANDARD = "gnu++0x";
				CLANG_CXX_LIBRARY = "libc++";
				CLANG_ENABLE_MODULES = YES;
				CLANG_ENABLE_OBJC_ARC = YES;
				CLANG_WARN_BOOL_CONVERSION = YES;
				CLANG_WARN_CONSTANT_CONVERSION = YES;
				CLANG_WARN_DIRECT_OBJC_ISA_USAGE = YES_ERROR;
				CLANG_WARN_EMPTY_BODY = YES;
				CLANG_WARN_ENUM_CONVERSION = YES;
				CLANG_WARN_INT_CONVERSION = YES;
				CLANG_WARN_OBJC_ROOT_CLASS = YES_ERROR;
				CLANG_WARN_UNREACHABLE_CODE = YES;
				CLANG_WARN__DUPLICATE_METHOD_MATCH = YES;
				"CODE_SIGN_IDENTITY[sdk=iphoneos*]" = "iPhone Developer";
				COPY_PHASE_STRIP = NO;
				DEBUG_INFORMATION_FORMAT = dwarf;
				ENABLE_STRICT_OBJC_MSGSEND = YES;
				ENABLE_TESTABILITY = YES;
				GCC_C_LANGUAGE_STANDARD = gnu99;
				GCC_DYNAMIC_NO_PIC = NO;
				GCC_NO_COMMON_BLOCKS = YES;
				GCC_OPTIMIZATION_LEVEL = 0;
				GCC_PREPROCESSOR_DEFINITIONS = (
					"DEBUG=1",
					"$(inherited)",
				);
				GCC_WARN_64_TO_32_BIT_CONVERSION = YES;
				GCC_WARN_ABOUT_RETURN_TYPE = YES_ERROR;
				GCC_WARN_UNDECLARED_SELECTOR = YES;
				GCC_WARN_UNINITIALIZED_AUTOS = YES_AGGRESSIVE;
				GCC_WARN_UNUSED_FUNCTION = YES;
				GCC_WARN_UNUSED_VARIABLE = YES;
				IPHONEOS_DEPLOYMENT_TARGET = 9.1;
				MTL_ENABLE_DEBUG_INFO = YES;
				ONLY_ACTIVE_ARCH = YES;
				SDKROOT = iphoneos;
				SWIFT_OPTIMIZATION_LEVEL = "-Onone";
				TARGETED_DEVICE_FAMILY = "1,2";
			};
			name = Debug;
		};
		49E110411BEA188D00F6C485 /* Release */ = {
			isa = XCBuildConfiguration;
			buildSettings = {
				ALWAYS_SEARCH_USER_PATHS = NO;
				CLANG_CXX_LANGUAGE_STANDARD = "gnu++0x";
				CLANG_CXX_LIBRARY = "libc++";
				CLANG_ENABLE_MODULES = YES;
				CLANG_ENABLE_OBJC_ARC = YES;
				CLANG_WARN_BOOL_CONVERSION = YES;
				CLANG_WARN_CONSTANT_CONVERSION = YES;
				CLANG_WARN_DIRECT_OBJC_ISA_USAGE = YES_ERROR;
				CLANG_WARN_EMPTY_BODY = YES;
				CLANG_WARN_ENUM_CONVERSION = YES;
				CLANG_WARN_INT_CONVERSION = YES;
				CLANG_WARN_OBJC_ROOT_CLASS = YES_ERROR;
				CLANG_WARN_UNREACHABLE_CODE = YES;
				CLANG_WARN__DUPLICATE_METHOD_MATCH = YES;
				"CODE_SIGN_IDENTITY[sdk=iphoneos*]" = "iPhone Developer";
				COPY_PHASE_STRIP = NO;
				DEBUG_INFORMATION_FORMAT = "dwarf-with-dsym";
				ENABLE_NS_ASSERTIONS = NO;
				ENABLE_STRICT_OBJC_MSGSEND = YES;
				GCC_C_LANGUAGE_STANDARD = gnu99;
				GCC_NO_COMMON_BLOCKS = YES;
				GCC_WARN_64_TO_32_BIT_CONVERSION = YES;
				GCC_WARN_ABOUT_RETURN_TYPE = YES_ERROR;
				GCC_WARN_UNDECLARED_SELECTOR = YES;
				GCC_WARN_UNINITIALIZED_AUTOS = YES_AGGRESSIVE;
				GCC_WARN_UNUSED_FUNCTION = YES;
				GCC_WARN_UNUSED_VARIABLE = YES;
				IPHONEOS_DEPLOYMENT_TARGET = 9.1;
				MTL_ENABLE_DEBUG_INFO = NO;
				SDKROOT = iphoneos;
				TARGETED_DEVICE_FAMILY = "1,2";
				VALIDATE_PRODUCT = YES;
			};
			name = Release;
		};
		49E110431BEA188D00F6C485 /* Debug */ = {
			isa = XCBuildConfiguration;
			buildSettings = {
				ASSETCATALOG_COMPILER_APPICON_NAME = AppIcon;
				INFOPLIST_FILE = DynamicPanelHeader/Info.plist;
				LD_RUNPATH_SEARCH_PATHS = "$(inherited) @executable_path/Frameworks";
				PRODUCT_BUNDLE_IDENTIFIER = Rospin.DynamicPanelHeader;
				PRODUCT_NAME = "$(TARGET_NAME)";
			};
			name = Debug;
		};
		49E110441BEA188D00F6C485 /* Release */ = {
			isa = XCBuildConfiguration;
			buildSettings = {
				ASSETCATALOG_COMPILER_APPICON_NAME = AppIcon;
				INFOPLIST_FILE = DynamicPanelHeader/Info.plist;
				LD_RUNPATH_SEARCH_PATHS = "$(inherited) @executable_path/Frameworks";
				PRODUCT_BUNDLE_IDENTIFIER = Rospin.DynamicPanelHeader;
				PRODUCT_NAME = "$(TARGET_NAME)";
			};
			name = Release;
		};
/* End XCBuildConfiguration section */

/* Begin XCConfigurationList section */
		49E1102B1BEA188D00F6C485 /* Build configuration list for PBXProject "DynamicPanelHeader" */ = {
			isa = XCConfigurationList;
			buildConfigurations = (
				49E110401BEA188D00F6C485 /* Debug */,
				49E110411BEA188D00F6C485 /* Release */,
			);
			defaultConfigurationIsVisible = 0;
			defaultConfigurationName = Release;
		};
		49E110421BEA188D00F6C485 /* Build configuration list for PBXNativeTarget "DynamicPanelHeader" */ = {
			isa = XCConfigurationList;
			buildConfigurations = (
				49E110431BEA188D00F6C485 /* Debug */,
				49E110441BEA188D00F6C485 /* Release */,
			);
			defaultConfigurationIsVisible = 0;
		};
/* End XCConfigurationList section */
	};
	rootObject = 49E110281BEA188D00F6C485 /* Project object */;
}
