// !$*UTF8*$!
{
	archiveVersion = 1;
	classes = {
	};
	objectVersion = 46;
	objects = {

/* Begin PBXBuildFile section */
		F30899CC1C98A4E3008DA104 /* AppDelegate.swift in Sources */ = {isa = PBXBuildFile; fileRef = F30899CB1C98A4E3008DA104 /* AppDelegate.swift */; };
		F30899CE1C98A4E3008DA104 /* ViewController.swift in Sources */ = {isa = PBXBuildFile; fileRef = F30899CD1C98A4E3008DA104 /* ViewController.swift */; };
		F30899D11C98A4E3008DA104 /* Main.storyboard in Resources */ = {isa = PBXBuildFile; fileRef = F30899CF1C98A4E3008DA104 /* Main.storyboard */; };
		F30899D31C98A4E3008DA104 /* Assets.xcassets in Resources */ = {isa = PBXBuildFile; fileRef = F30899D21C98A4E3008DA104 /* Assets.xcassets */; };
		F30899D61C98A4E3008DA104 /* LaunchScreen.storyboard in Resources */ = {isa = PBXBuildFile; fileRef = F30899D41C98A4E3008DA104 /* LaunchScreen.storyboard */; };
		F30899DE1C98B0C9008DA104 /* svViewController.swift in Sources */ = {isa = PBXBuildFile; fileRef = F30899DD1C98B0C9008DA104 /* svViewController.swift */; };
/* End PBXBuildFile section */

/* Begin PBXFileReference section */
		F30899C81C98A4E3008DA104 /* ScrollableToolbar.app */ = {isa = PBXFileReference; explicitFileType = wrapper.application; includeInIndex = 0; path = ScrollableToolbar.app; sourceTree = BUILT_PRODUCTS_DIR; };
		F30899CB1C98A4E3008DA104 /* AppDelegate.swift */ = {isa = PBXFileReference; lastKnownFileType = sourcecode.swift; path = AppDelegate.swift; sourceTree = "<group>"; };
		F30899CD1C98A4E3008DA104 /* ViewController.swift */ = {isa = PBXFileReference; lastKnownFileType = sourcecode.swift; path = ViewController.swift; sourceTree = "<group>"; };
		F30899D01C98A4E3008DA104 /* Base */ = {isa = PBXFileReference; lastKnownFileType = file.storyboard; name = Base; path = Base.lproj/Main.storyboard; sourceTree = "<group>"; };
		F30899D21C98A4E3008DA104 /* Assets.xcassets */ = {isa = PBXFileReference; lastKnownFileType = folder.assetcatalog; path = Assets.xcassets; sourceTree = "<group>"; };
		F30899D51C98A4E3008DA104 /* Base */ = {isa = PBXFileReference; lastKnownFileType = file.storyboard; name = Base; path = Base.lproj/LaunchScreen.storyboard; sourceTree = "<group>"; };
		F30899D71C98A4E3008DA104 /* Info.plist */ = {isa = PBXFileReference; lastKnownFileType = text.plist.xml; path = Info.plist; sourceTree = "<group>"; };
		F30899DD1C98B0C9008DA104 /* svViewController.swift */ = {isa = PBXFileReference; fileEncoding = 4; lastKnownFileType = sourcecode.swift; path = svViewController.swift; sourceTree = "<group>"; };
/* End PBXFileReference section */

/* Begin PBXFrameworksBuildPhase section */
		F30899C51C98A4E3008DA104 /* Frameworks */ = {
			isa = PBXFrameworksBuildPhase;
			buildActionMask = 2147483647;
			files = (
			);
			runOnlyForDeploymentPostprocessing = 0;
		};
/* End PBXFrameworksBuildPhase section */

/* Begin PBXGroup section */
		F30899BF1C98A4E3008DA104 = {
			isa = PBXGroup;
			children = (
				F30899CA1C98A4E3008DA104 /* ScrollableToolbar */,
				F30899C91C98A4E3008DA104 /* Products */,
			);
			sourceTree = "<group>";
		};
		F30899C91C98A4E3008DA104 /* Products */ = {
			isa = PBXGroup;
			children = (
				F30899C81C98A4E3008DA104 /* ScrollableToolbar.app */,
			);
			name = Products;
			sourceTree = "<group>";
		};
		F30899CA1C98A4E3008DA104 /* ScrollableToolbar */ = {
			isa = PBXGroup;
			children = (
				F30899CB1C98A4E3008DA104 /* AppDelegate.swift */,
				F30899CD1C98A4E3008DA104 /* ViewController.swift */,
				F30899CF1C98A4E3008DA104 /* Main.storyboard */,
				F30899DD1C98B0C9008DA104 /* svViewController.swift */,
				F30899D21C98A4E3008DA104 /* Assets.xcassets */,
				F30899D41C98A4E3008DA104 /* LaunchScreen.storyboard */,
				F30899D71C98A4E3008DA104 /* Info.plist */,
			);
			path = ScrollableToolbar;
			sourceTree = "<group>";
		};
/* End PBXGroup section */

/* Begin PBXNativeTarget section */
		F30899C71C98A4E3008DA104 /* ScrollableToolbar */ = {
			isa = PBXNativeTarget;
			buildConfigurationList = F30899DA1C98A4E3008DA104 /* Build configuration list for PBXNativeTarget "ScrollableToolbar" */;
			buildPhases = (
				F30899C41C98A4E3008DA104 /* Sources */,
				F30899C51C98A4E3008DA104 /* Frameworks */,
				F30899C61C98A4E3008DA104 /* Resources */,
			);
			buildRules = (
			);
			dependencies = (
			);
			name = ScrollableToolbar;
			productName = ScrollableToolbar;
			productReference = F30899C81C98A4E3008DA104 /* ScrollableToolbar.app */;
			productType = "com.apple.product-type.application";
		};
/* End PBXNativeTarget section */

/* Begin PBXProject section */
		F30899C01C98A4E3008DA104 /* Project object */ = {
			isa = PBXProject;
			attributes = {
				LastSwiftUpdateCheck = 0720;
				LastUpgradeCheck = 0720;
				ORGANIZATIONNAME = "Igor Cova";
				TargetAttributes = {
					F30899C71C98A4E3008DA104 = {
						CreatedOnToolsVersion = 7.2.1;
					};
				};
			};
			buildConfigurationList = F30899C31C98A4E3008DA104 /* Build configuration list for PBXProject "ScrollableToolbar" */;
			compatibilityVersion = "Xcode 3.2";
			developmentRegion = English;
			hasScannedForEncodings = 0;
			knownRegions = (
				en,
				Base,
			);
			mainGroup = F30899BF1C98A4E3008DA104;
			productRefGroup = F30899C91C98A4E3008DA104 /* Products */;
			projectDirPath = "";
			projectRoot = "";
			targets = (
				F30899C71C98A4E3008DA104 /* ScrollableToolbar */,
			);
		};
/* End PBXProject section */

/* Begin PBXResourcesBuildPhase section */
		F30899C61C98A4E3008DA104 /* Resources */ = {
			isa = PBXResourcesBuildPhase;
			buildActionMask = 2147483647;
			files = (
				F30899D61C98A4E3008DA104 /* LaunchScreen.storyboard in Resources */,
				F30899D31C98A4E3008DA104 /* Assets.xcassets in Resources */,
				F30899D11C98A4E3008DA104 /* Main.storyboard in Resources */,
			);
			runOnlyForDeploymentPostprocessing = 0;
		};
/* End PBXResourcesBuildPhase section */

/* Begin PBXSourcesBuildPhase section */
		F30899C41C98A4E3008DA104 /* Sources */ = {
			isa = PBXSourcesBuildPhase;
			buildActionMask = 2147483647;
			files = (
				F30899CE1C98A4E3008DA104 /* ViewController.swift in Sources */,
				F30899CC1C98A4E3008DA104 /* AppDelegate.swift in Sources */,
				F30899DE1C98B0C9008DA104 /* svViewController.swift in Sources */,
			);
			runOnlyForDeploymentPostprocessing = 0;
		};
/* End PBXSourcesBuildPhase section */

/* Begin PBXVariantGroup section */
		F30899CF1C98A4E3008DA104 /* Main.storyboard */ = {
			isa = PBXVariantGroup;
			children = (
				F30899D01C98A4E3008DA104 /* Base */,
			);
			name = Main.storyboard;
			sourceTree = "<group>";
		};
		F30899D41C98A4E3008DA104 /* LaunchScreen.storyboard */ = {
			isa = PBXVariantGroup;
			children = (
				F30899D51C98A4E3008DA104 /* Base */,
			);
			name = LaunchScreen.storyboard;
			sourceTree = "<group>";
		};
/* End PBXVariantGroup section */

/* Begin XCBuildConfiguration section */
		F30899D81C98A4E3008DA104 /* Debug */ = {
			isa = XCBuildConfiguration;
			buildSettings = {
				ALWAYS_SEARCH_USER_PATHS = NO;
				CLANG_CXX_LANGUAGE_STANDARD = "gnu++0x";
				CLANG_CXX_LIBRARY = "libc++";
				CLANG_ENABLE_MODULES = YES;
				CLANG_ENABLE_OBJC_ARC = YES;
				CLANG_WARN_BOOL_CONVERSION = YES;
				CLANG_WARN_CONSTANT_CONVERSION = YES;
				CLANG_WARN_DIRECT_OBJC_ISA_USAGE = YES_ERROR;
				CLANG_WARN_EMPTY_BODY = YES;
				CLANG_WARN_ENUM_CONVERSION = YES;
				CLANG_WARN_INT_CONVERSION = YES;
				CLANG_WARN_OBJC_ROOT_CLASS = YES_ERROR;
				CLANG_WARN_UNREACHABLE_CODE = YES;
				CLANG_WARN__DUPLICATE_METHOD_MATCH = YES;
				"CODE_SIGN_IDENTITY[sdk=iphoneos*]" = "iPhone Developer";
				COPY_PHASE_STRIP = NO;
				DEBUG_INFORMATION_FORMAT = dwarf;
				ENABLE_STRICT_OBJC_MSGSEND = YES;
				ENABLE_TESTABILITY = YES;
				GCC_C_LANGUAGE_STANDARD = gnu99;
				GCC_DYNAMIC_NO_PIC = NO;
				GCC_NO_COMMON_BLOCKS = YES;
				GCC_OPTIMIZATION_LEVEL = 0;
				GCC_PREPROCESSOR_DEFINITIONS = (
					"DEBUG=1",
					"$(inherited)",
				);
				GCC_WARN_64_TO_32_BIT_CONVERSION = YES;
				GCC_WARN_ABOUT_RETURN_TYPE = YES_ERROR;
				GCC_WARN_UNDECLARED_SELECTOR = YES;
				GCC_WARN_UNINITIALIZED_AUTOS = YES_AGGRESSIVE;
				GCC_WARN_UNUSED_FUNCTION = YES;
				GCC_WARN_UNUSED_VARIABLE = YES;
				IPHONEOS_DEPLOYMENT_TARGET = 9.2;
				MTL_ENABLE_DEBUG_INFO = YES;
				ONLY_ACTIVE_ARCH = YES;
				SDKROOT = iphoneos;
				SWIFT_OPTIMIZATION_LEVEL = "-Onone";
			};
			name = Debug;
		};
		F30899D91C98A4E3008DA104 /* Release */ = {
			isa = XCBuildConfiguration;
			buildSettings = {
				ALWAYS_SEARCH_USER_PATHS = NO;
				CLANG_CXX_LANGUAGE_STANDARD = "gnu++0x";
				CLANG_CXX_LIBRARY = "libc++";
				CLANG_ENABLE_MODULES = YES;
				CLANG_ENABLE_OBJC_ARC = YES;
				CLANG_WARN_BOOL_CONVERSION = YES;
				CLANG_WARN_CONSTANT_CONVERSION = YES;
				CLANG_WARN_DIRECT_OBJC_ISA_USAGE = YES_ERROR;
				CLANG_WARN_EMPTY_BODY = YES;
				CLANG_WARN_ENUM_CONVERSION = YES;
				CLANG_WARN_INT_CONVERSION = YES;
				CLANG_WARN_OBJC_ROOT_CLASS = YES_ERROR;
				CLANG_WARN_UNREACHABLE_CODE = YES;
				CLANG_WARN__DUPLICATE_METHOD_MATCH = YES;
				"CODE_SIGN_IDENTITY[sdk=iphoneos*]" = "iPhone Developer";
				COPY_PHASE_STRIP = NO;
				DEBUG_INFORMATION_FORMAT = "dwarf-with-dsym";
				ENABLE_NS_ASSERTIONS = NO;
				ENABLE_STRICT_OBJC_MSGSEND = YES;
				GCC_C_LANGUAGE_STANDARD = gnu99;
				GCC_NO_COMMON_BLOCKS = YES;
				GCC_WARN_64_TO_32_BIT_CONVERSION = YES;
				GCC_WARN_ABOUT_RETURN_TYPE = YES_ERROR;
				GCC_WARN_UNDECLARED_SELECTOR = YES;
				GCC_WARN_UNINITIALIZED_AUTOS = YES_AGGRESSIVE;
				GCC_WARN_UNUSED_FUNCTION = YES;
				GCC_WARN_UNUSED_VARIABLE = YES;
				IPHONEOS_DEPLOYMENT_TARGET = 9.2;
				MTL_ENABLE_DEBUG_INFO = NO;
				SDKROOT = iphoneos;
				VALIDATE_PRODUCT = YES;
			};
			name = Release;
		};
		F30899DB1C98A4E3008DA104 /* Debug */ = {
			isa = XCBuildConfiguration;
			buildSettings = {
				ASSETCATALOG_COMPILER_APPICON_NAME = AppIcon;
				INFOPLIST_FILE = ScrollableToolbar/Info.plist;
				LD_RUNPATH_SEARCH_PATHS = "$(inherited) @executable_path/Frameworks";
				PRODUCT_BUNDLE_IDENTIFIER = Tectonics.ScrollableToolbar;
				PRODUCT_NAME = "$(TARGET_NAME)";
			};
			name = Debug;
		};
		F30899DC1C98A4E3008DA104 /* Release */ = {
			isa = XCBuildConfiguration;
			buildSettings = {
				ASSETCATALOG_COMPILER_APPICON_NAME = AppIcon;
				INFOPLIST_FILE = ScrollableToolbar/Info.plist;
				LD_RUNPATH_SEARCH_PATHS = "$(inherited) @executable_path/Frameworks";
				PRODUCT_BUNDLE_IDENTIFIER = Tectonics.ScrollableToolbar;
				PRODUCT_NAME = "$(TARGET_NAME)";
			};
			name = Release;
		};
/* End XCBuildConfiguration section */

/* Begin XCConfigurationList section */
		F30899C31C98A4E3008DA104 /* Build configuration list for PBXProject "ScrollableToolbar" */ = {
			isa = XCConfigurationList;
			buildConfigurations = (
				F30899D81C98A4E3008DA104 /* Debug */,
				F30899D91C98A4E3008DA104 /* Release */,
			);
			defaultConfigurationIsVisible = 0;
			defaultConfigurationName = Release;
		};
		F30899DA1C98A4E3008DA104 /* Build configuration list for PBXNativeTarget "ScrollableToolbar" */ = {
			isa = XCConfigurationList;
			buildConfigurations = (
				F30899DB1C98A4E3008DA104 /* Debug */,
				F30899DC1C98A4E3008DA104 /* Release */,
			);
			defaultConfigurationIsVisible = 0;
		};
/* End XCConfigurationList section */
	};
	rootObject = F30899C01C98A4E3008DA104 /* Project object */;
}
