// !$*UTF8*$!
{
	archiveVersion = 1;
	classes = {
	};
	objectVersion = 46;
	objects = {

/* Begin PBXBuildFile section */
		490868E01CAAA17100CAF00C /* MainViewController.swift in Sources */ = {isa = PBXBuildFile; fileRef = 490868DF1CAAA17100CAF00C /* MainViewController.swift */; };
		4913165B1CA8384100125B41 /* AppDelegate.swift in Sources */ = {isa = PBXBuildFile; fileRef = 4913165A1CA8384100125B41 /* AppDelegate.swift */; };
		491316601CA8384200125B41 /* Main.storyboard in Resources */ = {isa = PBXBuildFile; fileRef = 4913165E1CA8384200125B41 /* Main.storyboard */; };
		491316621CA8384200125B41 /* Assets.xcassets in Resources */ = {isa = PBXBuildFile; fileRef = 491316611CA8384200125B41 /* Assets.xcassets */; };
		491316651CA8384200125B41 /* LaunchScreen.storyboard in Resources */ = {isa = PBXBuildFile; fileRef = 491316631CA8384200125B41 /* LaunchScreen.storyboard */; };
		491316731CA83BCC00125B41 /* KeyboardViewController.swift in Sources */ = {isa = PBXBuildFile; fileRef = 491316721CA83BCC00125B41 /* KeyboardViewController.swift */; };
		491316771CA83BCC00125B41 /* CommKeyboard.appex in Embed App Extensions */ = {isa = PBXBuildFile; fileRef = 491316701CA83BCB00125B41 /* CommKeyboard.appex */; settings = {ATTRIBUTES = (RemoveHeadersOnCopy, ); }; };
		4913167E1CA84C7F00125B41 /* 1.png in Resources */ = {isa = PBXBuildFile; fileRef = 4913167C1CA84C7F00125B41 /* 1.png */; };
		4913167F1CA84C7F00125B41 /* 2.png in Resources */ = {isa = PBXBuildFile; fileRef = 4913167D1CA84C7F00125B41 /* 2.png */; };
/* End PBXBuildFile section */

/* Begin PBXContainerItemProxy section */
		491316751CA83BCC00125B41 /* PBXContainerItemProxy */ = {
			isa = PBXContainerItemProxy;
			containerPortal = 4913164F1CA8383E00125B41 /* Project object */;
			proxyType = 1;
			remoteGlobalIDString = 4913166F1CA83BCB00125B41;
			remoteInfo = CommKeyboard;
		};
/* End PBXContainerItemProxy section */

/* Begin PBXCopyFilesBuildPhase section */
		4913167B1CA83BCC00125B41 /* Embed App Extensions */ = {
			isa = PBXCopyFilesBuildPhase;
			buildActionMask = 2147483647;
			dstPath = "";
			dstSubfolderSpec = 13;
			files = (
				491316771CA83BCC00125B41 /* CommKeyboard.appex in Embed App Extensions */,
			);
			name = "Embed App Extensions";
			runOnlyForDeploymentPostprocessing = 0;
		};
/* End PBXCopyFilesBuildPhase section */

/* Begin PBXFileReference section */
		490868DF1CAAA17100CAF00C /* MainViewController.swift */ = {isa = PBXFileReference; fileEncoding = 4; lastKnownFileType = sourcecode.swift; path = MainViewController.swift; sourceTree = "<group>"; };
		491316571CA8384000125B41 /* CustomKeyboard.app */ = {isa = PBXFileReference; explicitFileType = wrapper.application; includeInIndex = 0; path = CustomKeyboard.app; sourceTree = BUILT_PRODUCTS_DIR; };
		4913165A1CA8384100125B41 /* AppDelegate.swift */ = {isa = PBXFileReference; lastKnownFileType = sourcecode.swift; path = AppDelegate.swift; sourceTree = "<group>"; };
		4913165F1CA8384200125B41 /* Base */ = {isa = PBXFileReference; lastKnownFileType = file.storyboard; name = Base; path = Base.lproj/Main.storyboard; sourceTree = "<group>"; };
		491316611CA8384200125B41 /* Assets.xcassets */ = {isa = PBXFileReference; lastKnownFileType = folder.assetcatalog; path = Assets.xcassets; sourceTree = "<group>"; };
		491316641CA8384200125B41 /* Base */ = {isa = PBXFileReference; lastKnownFileType = file.storyboard; name = Base; path = Base.lproj/LaunchScreen.storyboard; sourceTree = "<group>"; };
		491316661CA8384200125B41 /* Info.plist */ = {isa = PBXFileReference; lastKnownFileType = text.plist.xml; path = Info.plist; sourceTree = "<group>"; };
		491316701CA83BCB00125B41 /* CommKeyboard.appex */ = {isa = PBXFileReference; explicitFileType = "wrapper.app-extension"; includeInIndex = 0; path = CommKeyboard.appex; sourceTree = BUILT_PRODUCTS_DIR; };
		491316721CA83BCC00125B41 /* KeyboardViewController.swift */ = {isa = PBXFileReference; lastKnownFileType = sourcecode.swift; path = KeyboardViewController.swift; sourceTree = "<group>"; };
		491316741CA83BCC00125B41 /* Info.plist */ = {isa = PBXFileReference; lastKnownFileType = text.plist.xml; path = Info.plist; sourceTree = "<group>"; };
		4913167C1CA84C7F00125B41 /* 1.png */ = {isa = PBXFileReference; lastKnownFileType = image.png; path = 1.png; sourceTree = "<group>"; };
		4913167D1CA84C7F00125B41 /* 2.png */ = {isa = PBXFileReference; lastKnownFileType = image.png; path = 2.png; sourceTree = "<group>"; };
/* End PBXFileReference section */

/* Begin PBXFrameworksBuildPhase section */
		491316541CA8383F00125B41 /* Frameworks */ = {
			isa = PBXFrameworksBuildPhase;
			buildActionMask = 2147483647;
			files = (
			);
			runOnlyForDeploymentPostprocessing = 0;
		};
		4913166D1CA83BCB00125B41 /* Frameworks */ = {
			isa = PBXFrameworksBuildPhase;
			buildActionMask = 2147483647;
			files = (
			);
			runOnlyForDeploymentPostprocessing = 0;
		};
/* End PBXFrameworksBuildPhase section */

/* Begin PBXGroup section */
		4913164E1CA8383E00125B41 = {
			isa = PBXGroup;
			children = (
				491316591CA8384100125B41 /* CustomKeyboard */,
				491316711CA83BCB00125B41 /* CommKeyboard */,
				491316581CA8384000125B41 /* Products */,
			);
			sourceTree = "<group>";
		};
		491316581CA8384000125B41 /* Products */ = {
			isa = PBXGroup;
			children = (
				491316571CA8384000125B41 /* CustomKeyboard.app */,
				491316701CA83BCB00125B41 /* CommKeyboard.appex */,
			);
			name = Products;
			sourceTree = "<group>";
		};
		491316591CA8384100125B41 /* CustomKeyboard */ = {
			isa = PBXGroup;
			children = (
				4913165E1CA8384200125B41 /* Main.storyboard */,
				4913165A1CA8384100125B41 /* AppDelegate.swift */,
				490868DF1CAAA17100CAF00C /* MainViewController.swift */,
				4913167C1CA84C7F00125B41 /* 1.png */,
				4913167D1CA84C7F00125B41 /* 2.png */,
				491316611CA8384200125B41 /* Assets.xcassets */,
				491316631CA8384200125B41 /* LaunchScreen.storyboard */,
				491316661CA8384200125B41 /* Info.plist */,
			);
			path = CustomKeyboard;
			sourceTree = "<group>";
		};
		491316711CA83BCB00125B41 /* CommKeyboard */ = {
			isa = PBXGroup;
			children = (
				491316721CA83BCC00125B41 /* KeyboardViewController.swift */,
				491316741CA83BCC00125B41 /* Info.plist */,
			);
			path = CommKeyboard;
			sourceTree = "<group>";
		};
/* End PBXGroup section */

/* Begin PBXNativeTarget section */
		491316561CA8383F00125B41 /* CustomKeyboard */ = {
			isa = PBXNativeTarget;
			buildConfigurationList = 491316691CA8384200125B41 /* Build configuration list for PBXNativeTarget "CustomKeyboard" */;
			buildPhases = (
				491316531CA8383F00125B41 /* Sources */,
				491316541CA8383F00125B41 /* Frameworks */,
				491316551CA8383F00125B41 /* Resources */,
				4913167B1CA83BCC00125B41 /* Embed App Extensions */,
			);
			buildRules = (
			);
			dependencies = (
				491316761CA83BCC00125B41 /* PBXTargetDependency */,
			);
			name = CustomKeyboard;
			productName = CustomKeyboard;
			productReference = 491316571CA8384000125B41 /* CustomKeyboard.app */;
			productType = "com.apple.product-type.application";
		};
		4913166F1CA83BCB00125B41 /* CommKeyboard */ = {
			isa = PBXNativeTarget;
			buildConfigurationList = 491316781CA83BCC00125B41 /* Build configuration list for PBXNativeTarget "CommKeyboard" */;
			buildPhases = (
				4913166C1CA83BCB00125B41 /* Sources */,
				4913166D1CA83BCB00125B41 /* Frameworks */,
				4913166E1CA83BCB00125B41 /* Resources */,
			);
			buildRules = (
			);
			dependencies = (
			);
			name = CommKeyboard;
			productName = CommKeyboard;
			productReference = 491316701CA83BCB00125B41 /* CommKeyboard.appex */;
			productType = "com.apple.product-type.app-extension";
		};
/* End PBXNativeTarget section */

/* Begin PBXProject section */
		4913164F1CA8383E00125B41 /* Project object */ = {
			isa = PBXProject;
			attributes = {
				LastSwiftUpdateCheck = 0730;
				LastUpgradeCheck = 0730;
				ORGANIZATIONNAME = AndrewDzhur;
				TargetAttributes = {
					491316561CA8383F00125B41 = {
						CreatedOnToolsVersion = 7.3;
						DevelopmentTeam = 58JP37J35E;
					};
					4913166F1CA83BCB00125B41 = {
						CreatedOnToolsVersion = 7.3;
						DevelopmentTeam = 58JP37J35E;
					};
				};
			};
			buildConfigurationList = 491316521CA8383E00125B41 /* Build configuration list for PBXProject "CustomKeyboard" */;
			compatibilityVersion = "Xcode 3.2";
			developmentRegion = English;
			hasScannedForEncodings = 0;
			knownRegions = (
				en,
				Base,
			);
			mainGroup = 4913164E1CA8383E00125B41;
			productRefGroup = 491316581CA8384000125B41 /* Products */;
			projectDirPath = "";
			projectRoot = "";
			targets = (
				491316561CA8383F00125B41 /* CustomKeyboard */,
				4913166F1CA83BCB00125B41 /* CommKeyboard */,
			);
		};
/* End PBXProject section */

/* Begin PBXResourcesBuildPhase section */
		491316551CA8383F00125B41 /* Resources */ = {
			isa = PBXResourcesBuildPhase;
			buildActionMask = 2147483647;
			files = (
				491316651CA8384200125B41 /* LaunchScreen.storyboard in Resources */,
				4913167E1CA84C7F00125B41 /* 1.png in Resources */,
				4913167F1CA84C7F00125B41 /* 2.png in Resources */,
				491316621CA8384200125B41 /* Assets.xcassets in Resources */,
				491316601CA8384200125B41 /* Main.storyboard in Resources */,
			);
			runOnlyForDeploymentPostprocessing = 0;
		};
		4913166E1CA83BCB00125B41 /* Resources */ = {
			isa = PBXResourcesBuildPhase;
			buildActionMask = 2147483647;
			files = (
			);
			runOnlyForDeploymentPostprocessing = 0;
		};
/* End PBXResourcesBuildPhase section */

/* Begin PBXSourcesBuildPhase section */
		491316531CA8383F00125B41 /* Sources */ = {
			isa = PBXSourcesBuildPhase;
			buildActionMask = 2147483647;
			files = (
				490868E01CAAA17100CAF00C /* MainViewController.swift in Sources */,
				4913165B1CA8384100125B41 /* AppDelegate.swift in Sources */,
			);
			runOnlyForDeploymentPostprocessing = 0;
		};
		4913166C1CA83BCB00125B41 /* Sources */ = {
			isa = PBXSourcesBuildPhase;
			buildActionMask = 2147483647;
			files = (
				491316731CA83BCC00125B41 /* KeyboardViewController.swift in Sources */,
			);
			runOnlyForDeploymentPostprocessing = 0;
		};
/* End PBXSourcesBuildPhase section */

/* Begin PBXTargetDependency section */
		491316761CA83BCC00125B41 /* PBXTargetDependency */ = {
			isa = PBXTargetDependency;
			target = 4913166F1CA83BCB00125B41 /* CommKeyboard */;
			targetProxy = 491316751CA83BCC00125B41 /* PBXContainerItemProxy */;
		};
/* End PBXTargetDependency section */

/* Begin PBXVariantGroup section */
		4913165E1CA8384200125B41 /* Main.storyboard */ = {
			isa = PBXVariantGroup;
			children = (
				4913165F1CA8384200125B41 /* Base */,
			);
			name = Main.storyboard;
			sourceTree = "<group>";
		};
		491316631CA8384200125B41 /* LaunchScreen.storyboard */ = {
			isa = PBXVariantGroup;
			children = (
				491316641CA8384200125B41 /* Base */,
			);
			name = LaunchScreen.storyboard;
			sourceTree = "<group>";
		};
/* End PBXVariantGroup section */

/* Begin XCBuildConfiguration section */
		491316671CA8384200125B41 /* Debug */ = {
			isa = XCBuildConfiguration;
			buildSettings = {
				ALWAYS_SEARCH_USER_PATHS = NO;
				CLANG_ANALYZER_NONNULL = YES;
				CLANG_CXX_LANGUAGE_STANDARD = "gnu++0x";
				CLANG_CXX_LIBRARY = "libc++";
				CLANG_ENABLE_MODULES = YES;
				CLANG_ENABLE_OBJC_ARC = YES;
				CLANG_WARN_BOOL_CONVERSION = YES;
				CLANG_WARN_CONSTANT_CONVERSION = YES;
				CLANG_WARN_DIRECT_OBJC_ISA_USAGE = YES_ERROR;
				CLANG_WARN_EMPTY_BODY = YES;
				CLANG_WARN_ENUM_CONVERSION = YES;
				CLANG_WARN_INT_CONVERSION = YES;
				CLANG_WARN_OBJC_ROOT_CLASS = YES_ERROR;
				CLANG_WARN_UNREACHABLE_CODE = YES;
				CLANG_WARN__DUPLICATE_METHOD_MATCH = YES;
				"CODE_SIGN_IDENTITY[sdk=iphoneos*]" = "iPhone Developer";
				COPY_PHASE_STRIP = NO;
				DEBUG_INFORMATION_FORMAT = dwarf;
				ENABLE_STRICT_OBJC_MSGSEND = YES;
				ENABLE_TESTABILITY = YES;
				GCC_C_LANGUAGE_STANDARD = gnu99;
				GCC_DYNAMIC_NO_PIC = NO;
				GCC_NO_COMMON_BLOCKS = YES;
				GCC_OPTIMIZATION_LEVEL = 0;
				GCC_PREPROCESSOR_DEFINITIONS = (
					"DEBUG=1",
					"$(inherited)",
				);
				GCC_WARN_64_TO_32_BIT_CONVERSION = YES;
				GCC_WARN_ABOUT_RETURN_TYPE = YES_ERROR;
				GCC_WARN_UNDECLARED_SELECTOR = YES;
				GCC_WARN_UNINITIALIZED_AUTOS = YES_AGGRESSIVE;
				GCC_WARN_UNUSED_FUNCTION = YES;
				GCC_WARN_UNUSED_VARIABLE = YES;
				IPHONEOS_DEPLOYMENT_TARGET = 9.3;
				MTL_ENABLE_DEBUG_INFO = YES;
				ONLY_ACTIVE_ARCH = YES;
				SDKROOT = iphoneos;
				SWIFT_OPTIMIZATION_LEVEL = "-Onone";
			};
			name = Debug;
		};
		491316681CA8384200125B41 /* Release */ = {
			isa = XCBuildConfiguration;
			buildSettings = {
				ALWAYS_SEARCH_USER_PATHS = NO;
				CLANG_ANALYZER_NONNULL = YES;
				CLANG_CXX_LANGUAGE_STANDARD = "gnu++0x";
				CLANG_CXX_LIBRARY = "libc++";
				CLANG_ENABLE_MODULES = YES;
				CLANG_ENABLE_OBJC_ARC = YES;
				CLANG_WARN_BOOL_CONVERSION = YES;
				CLANG_WARN_CONSTANT_CONVERSION = YES;
				CLANG_WARN_DIRECT_OBJC_ISA_USAGE = YES_ERROR;
				CLANG_WARN_EMPTY_BODY = YES;
				CLANG_WARN_ENUM_CONVERSION = YES;
				CLANG_WARN_INT_CONVERSION = YES;
				CLANG_WARN_OBJC_ROOT_CLASS = YES_ERROR;
				CLANG_WARN_UNREACHABLE_CODE = YES;
				CLANG_WARN__DUPLICATE_METHOD_MATCH = YES;
				"CODE_SIGN_IDENTITY[sdk=iphoneos*]" = "iPhone Developer";
				COPY_PHASE_STRIP = NO;
				DEBUG_INFORMATION_FORMAT = "dwarf-with-dsym";
				ENABLE_NS_ASSERTIONS = NO;
				ENABLE_STRICT_OBJC_MSGSEND = YES;
				GCC_C_LANGUAGE_STANDARD = gnu99;
				GCC_NO_COMMON_BLOCKS = YES;
				GCC_WARN_64_TO_32_BIT_CONVERSION = YES;
				GCC_WARN_ABOUT_RETURN_TYPE = YES_ERROR;
				GCC_WARN_UNDECLARED_SELECTOR = YES;
				GCC_WARN_UNINITIALIZED_AUTOS = YES_AGGRESSIVE;
				GCC_WARN_UNUSED_FUNCTION = YES;
				GCC_WARN_UNUSED_VARIABLE = YES;
				IPHONEOS_DEPLOYMENT_TARGET = 9.3;
				MTL_ENABLE_DEBUG_INFO = NO;
				SDKROOT = iphoneos;
				VALIDATE_PRODUCT = YES;
			};
			name = Release;
		};
		4913166A1CA8384200125B41 /* Debug */ = {
			isa = XCBuildConfiguration;
			buildSettings = {
				ASSETCATALOG_COMPILER_APPICON_NAME = AppIcon;
				EMBEDDED_CONTENT_CONTAINS_SWIFT = YES;
				INFOPLIST_FILE = CustomKeyboard/Info.plist;
				LD_RUNPATH_SEARCH_PATHS = "$(inherited) @executable_path/Frameworks";
				PRODUCT_BUNDLE_IDENTIFIER = Tectonics.CustomKeyboard;
				PRODUCT_NAME = "$(TARGET_NAME)";
			};
			name = Debug;
		};
		4913166B1CA8384200125B41 /* Release */ = {
			isa = XCBuildConfiguration;
			buildSettings = {
				ASSETCATALOG_COMPILER_APPICON_NAME = AppIcon;
				EMBEDDED_CONTENT_CONTAINS_SWIFT = YES;
				INFOPLIST_FILE = CustomKeyboard/Info.plist;
				LD_RUNPATH_SEARCH_PATHS = "$(inherited) @executable_path/Frameworks";
				PRODUCT_BUNDLE_IDENTIFIER = Tectonics.CustomKeyboard;
				PRODUCT_NAME = "$(TARGET_NAME)";
			};
			name = Release;
		};
		491316791CA83BCC00125B41 /* Debug */ = {
			isa = XCBuildConfiguration;
			buildSettings = {
				INFOPLIST_FILE = CommKeyboard/Info.plist;
				LD_RUNPATH_SEARCH_PATHS = "$(inherited) @executable_path/Frameworks @executable_path/../../Frameworks";
				PRODUCT_BUNDLE_IDENTIFIER = Tectonics.CustomKeyboard.CommKeyboard;
				PRODUCT_NAME = "$(TARGET_NAME)";
				SKIP_INSTALL = YES;
			};
			name = Debug;
		};
		4913167A1CA83BCC00125B41 /* Release */ = {
			isa = XCBuildConfiguration;
			buildSettings = {
				INFOPLIST_FILE = CommKeyboard/Info.plist;
				LD_RUNPATH_SEARCH_PATHS = "$(inherited) @executable_path/Frameworks @executable_path/../../Frameworks";
				PRODUCT_BUNDLE_IDENTIFIER = Tectonics.CustomKeyboard.CommKeyboard;
				PRODUCT_NAME = "$(TARGET_NAME)";
				SKIP_INSTALL = YES;
			};
			name = Release;
		};
/* End XCBuildConfiguration section */

/* Begin XCConfigurationList section */
		491316521CA8383E00125B41 /* Build configuration list for PBXProject "CustomKeyboard" */ = {
			isa = XCConfigurationList;
			buildConfigurations = (
				491316671CA8384200125B41 /* Debug */,
				491316681CA8384200125B41 /* Release */,
			);
			defaultConfigurationIsVisible = 0;
			defaultConfigurationName = Release;
		};
		491316691CA8384200125B41 /* Build configuration list for PBXNativeTarget "CustomKeyboard" */ = {
			isa = XCConfigurationList;
			buildConfigurations = (
				4913166A1CA8384200125B41 /* Debug */,
				4913166B1CA8384200125B41 /* Release */,
			);
			defaultConfigurationIsVisible = 0;
			defaultConfigurationName = Release;
		};
		491316781CA83BCC00125B41 /* Build configuration list for PBXNativeTarget "CommKeyboard" */ = {
			isa = XCConfigurationList;
			buildConfigurations = (
				491316791CA83BCC00125B41 /* Debug */,
				4913167A1CA83BCC00125B41 /* Release */,
			);
			defaultConfigurationIsVisible = 0;
			defaultConfigurationName = Release;
		};
/* End XCConfigurationList section */
	};
	rootObject = 4913164F1CA8383E00125B41 /* Project object */;
}
